
Microsoft Visual Studio Solution File, Format Version 12.00
# Visual Studio 15
VisualStudioVersion = 15.0.28307.1209
MinimumVisualStudioVersion = 10.0.40219.1
Project("{8BC9CEB8-8B4A-11D0-8D11-00A0C91BC942}") = "Webrtc_Audio_Samples", "Webrtc_Audio_Samples\Webrtc_Audio_Samples.vcxproj", "{59FD33D6-6594-4AB9-8576-95CC5542C2EB}"
EndProject
Global
	GlobalSection(SolutionConfigurationPlatforms) = preSolution
		Debug|x64 = Debug|x64
		Debug|x86 = Debug|x86
		Release|x64 = Release|x64
		Release|x86 = Release|x86
	EndGlobalSection
	GlobalSection(ProjectConfigurationPlatforms) = postSolution
		{59FD33D6-6594-4AB9-8576-95CC5542C2EB}.Debug|x64.ActiveCfg = Debug|x64
		{59FD33D6-6594-4AB9-8576-95CC5542C2EB}.Debug|x64.Build.0 = Debug|x64
		{59FD33D6-6594-4AB9-8576-95CC5542C2EB}.Debug|x86.ActiveCfg = Debug|Win32
		{59FD33D6-6594-4AB9-8576-95CC5542C2EB}.Debug|x86.Build.0 = Debug|Win32
		{59FD33D6-6594-4AB9-8576-95CC5542C2EB}.Release|x64.ActiveCfg = Release|x64
		{59FD33D6-6594-4AB9-8576-95CC5542C2EB}.Release|x64.Build.0 = Release|x64
		{59FD33D6-6594-4AB9-8576-95CC5542C2EB}.Release|x86.ActiveCfg = Release|Win32
		{59FD33D6-6594-4AB9-8576-95CC5542C2EB}.Release|x86.Build.0 = Release|Win32
	EndGlobalSection
	GlobalSection(SolutionProperties) = preSolution
		HideSolutionNode = FALSE
	EndGlobalSection
	GlobalSection(ExtensibilityGlobals) = postSolution
		SolutionGuid = {14CBF239-245E-46E0-8509-B7E8573B9523}
	EndGlobalSection
EndGlobal
