<?xml version="1.0" encoding="utf-8"?>
<Project ToolsVersion="4.0" xmlns="http://schemas.microsoft.com/developer/msbuild/2003">
  <ItemGroup>
    <Filter Include="源文件">
      <UniqueIdentifier>{4FC737F1-C7A5-4376-A066-2A32D752A2FF}</UniqueIdentifier>
      <Extensions>cpp;c;cc;cxx;def;odl;idl;hpj;bat;asm;asmx</Extensions>
    </Filter>
    <Filter Include="头文件">
      <UniqueIdentifier>{93995380-89BD-4b04-88EB-625FBE52EBFB}</UniqueIdentifier>
      <Extensions>h;hh;hpp;hxx;hm;inl;inc;ipp;xsd</Extensions>
    </Filter>
    <Filter Include="资源文件">
      <UniqueIdentifier>{67DA6AB6-F800-4c08-8B7A-83BB121AAD01}</UniqueIdentifier>
      <Extensions>rc;ico;cur;bmp;dlg;rc2;rct;bin;rgs;gif;jpg;jpeg;jpe;resx;tiff;tif;png;wav;mfcribbon-ms</Extensions>
    </Filter>
    <Filter Include="源文件\webrtc_code">
      <UniqueIdentifier>{65bfa9be-6dbc-4688-89a9-26eac3316691}</UniqueIdentifier>
    </Filter>
    <Filter Include="源文件\webrtc_code\rtc_base">
      <UniqueIdentifier>{9666ba23-93e8-4dec-b187-056922602b4b}</UniqueIdentifier>
    </Filter>
    <Filter Include="源文件\webrtc_code\api">
      <UniqueIdentifier>{b84bff35-36f4-4e20-b94e-78ae578e908d}</UniqueIdentifier>
    </Filter>
    <Filter Include="源文件\webrtc_code\system_warp">
      <UniqueIdentifier>{c58f03b7-8b3e-4636-8094-f5ac0fc85cb6}</UniqueIdentifier>
    </Filter>
    <Filter Include="源文件\webrtc_code\modules">
      <UniqueIdentifier>{5c40ea26-2da7-4554-b610-1b7c0c3ec21c}</UniqueIdentifier>
    </Filter>
    <Filter Include="源文件\webrtc_code\modules\audio_processing">
      <UniqueIdentifier>{6e3a0156-e522-461c-b9bf-0c8ddd30844a}</UniqueIdentifier>
    </Filter>
    <Filter Include="源文件\webrtc_code\modules\audio_processing\aec3">
      <UniqueIdentifier>{b3e66b10-af7c-476d-8136-89c900d57ecf}</UniqueIdentifier>
    </Filter>
    <Filter Include="源文件\webrtc_code\modules\audio_processing\logging">
      <UniqueIdentifier>{2db9e23f-a39c-49cd-99e7-fefab1a1f310}</UniqueIdentifier>
    </Filter>
    <Filter Include="源文件\webrtc_code\third_party">
      <UniqueIdentifier>{dd61af03-ae71-422d-9339-2e065814a098}</UniqueIdentifier>
    </Filter>
    <Filter Include="源文件\webrtc_code\api\audio">
      <UniqueIdentifier>{93beb2cd-7782-4b19-ab8e-ea33ba2c9a2a}</UniqueIdentifier>
    </Filter>
    <Filter Include="源文件\webrtc_code\rtc_base\strings">
      <UniqueIdentifier>{2fe2cc0e-a5b9-4772-915c-16f4c928fe67}</UniqueIdentifier>
    </Filter>
    <Filter Include="源文件\webrtc_code\third_party\jsoncpp">
      <UniqueIdentifier>{68e95cf2-bb9e-45aa-9008-71acc8c003f4}</UniqueIdentifier>
    </Filter>
    <Filter Include="源文件\webrtc_code\modules\audio_processing\include">
      <UniqueIdentifier>{677c1a6f-0b0c-4626-a7c3-33453f84c4dc}</UniqueIdentifier>
    </Filter>
    <Filter Include="源文件\webrtc_code\common_audio">
      <UniqueIdentifier>{bc3ed64d-4535-4767-9965-5298d9747384}</UniqueIdentifier>
    </Filter>
    <Filter Include="源文件\webrtc_code\common_audio\resampler">
      <UniqueIdentifier>{bfb72873-378e-44da-9ee9-133a264401db}</UniqueIdentifier>
    </Filter>
    <Filter Include="源文件\webrtc_code\rtc_base\memory">
      <UniqueIdentifier>{329539f2-9e47-4b05-b3c8-06925d4e0e9b}</UniqueIdentifier>
    </Filter>
    <Filter Include="源文件\webrtc_code\modules\audio_processing\utility">
      <UniqueIdentifier>{b5608f5e-da43-4971-b1b9-8fd24d9f69c4}</UniqueIdentifier>
    </Filter>
    <Filter Include="源文件\webrtc_code\common_audio\signal_processing">
      <UniqueIdentifier>{e983a08b-f3b7-4d8a-ab32-ffc9fa828f72}</UniqueIdentifier>
    </Filter>
    <Filter Include="源文件\webrtc_code\modules\audio_device">
      <UniqueIdentifier>{6180371e-028f-4fd9-b3b3-2727fbbcf353}</UniqueIdentifier>
    </Filter>
    <Filter Include="源文件\webrtc_code\modules\audio_device\win">
      <UniqueIdentifier>{b5e1759f-3b6e-4732-80f2-6cb57b9f3c32}</UniqueIdentifier>
    </Filter>
    <Filter Include="源文件\webrtc_code\rtc_base\synchronization">
      <UniqueIdentifier>{8c24da88-ed0d-4f0a-8645-fee0e0b37c80}</UniqueIdentifier>
    </Filter>
    <Filter Include="源文件\webrtc_code\audio">
      <UniqueIdentifier>{572cb1e6-9d32-4aa9-89ee-7132a1c1e0ab}</UniqueIdentifier>
    </Filter>
    <Filter Include="源文件\webrtc_code\audio\unity">
      <UniqueIdentifier>{b4e3002c-1a15-4c50-8683-a3d6b2575d8d}</UniqueIdentifier>
    </Filter>
    <Filter Include="源文件\webrtc_code\modules\audio_device\dummy">
      <UniqueIdentifier>{226305c8-db3e-431d-a4a5-b2b5effec356}</UniqueIdentifier>
    </Filter>
    <Filter Include="源文件\webrtc_code\rtc_base\system">
      <UniqueIdentifier>{47f0f818-af1f-47c9-9999-280fcb8e2003}</UniqueIdentifier>
    </Filter>
    <Filter Include="源文件\webrtc_code\modules\audio_mixer">
      <UniqueIdentifier>{8dce517b-92d5-4050-a629-a38a8e549445}</UniqueIdentifier>
    </Filter>
    <Filter Include="源文件\webrtc_code\modules\agc2">
      <UniqueIdentifier>{db854d21-650c-4637-a748-b6a30778daf8}</UniqueIdentifier>
    </Filter>
    <Filter Include="源文件\webrtc_code\common_audio\vad">
      <UniqueIdentifier>{d054443f-08d6-4927-8d44-a0d52510f028}</UniqueIdentifier>
    </Filter>
    <Filter Include="源文件\webrtc_code\modules\audio_processing\agc">
      <UniqueIdentifier>{4bdcc002-c16a-4f40-8a54-fc9c87956be2}</UniqueIdentifier>
    </Filter>
    <Filter Include="源文件\webrtc_code\modules\audio_processing\vad">
      <UniqueIdentifier>{6dff3717-9064-490a-8e77-95bf732cfceb}</UniqueIdentifier>
    </Filter>
    <Filter Include="源文件\webrtc_code\modules\audio_processing\agc2">
      <UniqueIdentifier>{74edb7ac-1b31-465b-98bc-a5d773871259}</UniqueIdentifier>
    </Filter>
    <Filter Include="源文件\webrtc_code\modules\audio_processing\agc2\rnn_vad">
      <UniqueIdentifier>{2160826a-d915-49e9-9627-d623b4728502}</UniqueIdentifier>
    </Filter>
    <Filter Include="源文件\webrtc_code\third_party\rnnoise">
      <UniqueIdentifier>{3a41e77c-2971-472c-a33f-eebc1afa1041}</UniqueIdentifier>
    </Filter>
    <Filter Include="源文件\webrtc_code\modules\audio_processing\transient">
      <UniqueIdentifier>{d03cdd15-d5ee-42da-a8f3-8c772a514f74}</UniqueIdentifier>
    </Filter>
    <Filter Include="源文件\webrtc_code\modules\aec">
      <UniqueIdentifier>{8a859ed0-48c8-4e40-8485-055a9a6e4f7a}</UniqueIdentifier>
    </Filter>
    <Filter Include="源文件\webrtc_code\common_audio\signal_processing\include">
      <UniqueIdentifier>{a4df85c6-f464-4c69-ad41-994205be0a34}</UniqueIdentifier>
    </Filter>
    <Filter Include="源文件\webrtc_code\modules\audio_processing\aecm">
      <UniqueIdentifier>{f18764e0-7a0e-4627-a1e5-4c3c173072ae}</UniqueIdentifier>
    </Filter>
    <Filter Include="源文件\webrtc_code\common_audio\third_party">
      <UniqueIdentifier>{aa10db12-b453-4a8d-b656-7977d2aae718}</UniqueIdentifier>
    </Filter>
    <Filter Include="源文件\webrtc_code\common_audio\third_party\spl_sqrt_floor">
      <UniqueIdentifier>{061d05b9-e15c-45f8-9033-db952c3e280b}</UniqueIdentifier>
    </Filter>
    <Filter Include="源文件\webrtc_code\modules\audio_processing\agc\legacy">
      <UniqueIdentifier>{fdba959c-a8b8-4ee7-b795-e2ec8d4e415e}</UniqueIdentifier>
    </Filter>
    <Filter Include="源文件\webrtc_code\modules\audio_processing\ns">
      <UniqueIdentifier>{64f2f303-1f01-4b50-86b8-837917a5d1e4}</UniqueIdentifier>
    </Filter>
    <Filter Include="源文件\webrtc_code\modules\audio_processing\echo_detector">
      <UniqueIdentifier>{2b28dc7b-1ae8-48df-bfc5-7aaf9bcb2141}</UniqueIdentifier>
    </Filter>
    <Filter Include="源文件\webrtc_code\common_audio\third_party\fft4g">
      <UniqueIdentifier>{56306ccf-1490-4141-a207-56b16bf5e7c9}</UniqueIdentifier>
    </Filter>
    <Filter Include="源文件\webrtc_code\third_party\pffft">
      <UniqueIdentifier>{08129c85-403e-41dc-8180-df37e32daded}</UniqueIdentifier>
    </Filter>
    <Filter Include="源文件\webrtc_code\modules\audio_coding">
      <UniqueIdentifier>{a28c52db-2ffa-4c5b-bcdd-999b8587fd68}</UniqueIdentifier>
    </Filter>
    <Filter Include="源文件\webrtc_code\modules\audio_coding\fix">
      <UniqueIdentifier>{26d5e6dc-3366-4d5e-91f9-22218996b080}</UniqueIdentifier>
    </Filter>
    <Filter Include="源文件\webrtc_code\modules\audio_coding\main">
      <UniqueIdentifier>{0d9d3279-7fa3-41e1-b609-2c06a7773557}</UniqueIdentifier>
    </Filter>
  </ItemGroup>
  <ItemGroup>
    <ClCompile Include="main.cpp">
      <Filter>源文件</Filter>
    </ClCompile>
    <ClCompile Include="webrtc_code\modules\audio_processing\aec3\echo_canceller3.cc">
      <Filter>源文件\webrtc_code\modules\audio_processing\aec3</Filter>
    </ClCompile>
    <ClCompile Include="webrtc_code\rtc_base\checks.cc">
      <Filter>源文件\webrtc_code\rtc_base</Filter>
    </ClCompile>
    <ClCompile Include="webrtc_code\api\audio\echo_canceller3_config.cc">
      <Filter>源文件\webrtc_code\api</Filter>
    </ClCompile>
    <ClCompile Include="webrtc_code\modules\audio_processing\aec3\api_call_jitter_metrics.cc">
      <Filter>源文件\webrtc_code\modules\audio_processing\aec3</Filter>
    </ClCompile>
    <ClCompile Include="webrtc_code\system_wrappers\source\cpu_features.cc">
      <Filter>源文件\webrtc_code\system_warp</Filter>
    </ClCompile>
    <ClCompile Include="webrtc_code\system_wrappers\source\field_trial.cc">
      <Filter>源文件\webrtc_code\system_warp</Filter>
    </ClCompile>
    <ClCompile Include="webrtc_code\modules\audio_processing\aec3\block_delay_buffer.cc">
      <Filter>源文件\webrtc_code\modules\audio_processing\aec3</Filter>
    </ClCompile>
    <ClCompile Include="webrtc_code\modules\audio_processing\aec3\block_framer.cc">
      <Filter>源文件\webrtc_code\modules\audio_processing\aec3</Filter>
    </ClCompile>
    <ClCompile Include="webrtc_code\modules\audio_processing\logging\apm_data_dumper.cc">
      <Filter>源文件\webrtc_code\modules\audio_processing\logging</Filter>
    </ClCompile>
    <ClCompile Include="webrtc_code\modules\audio_processing\aec3\block_processor.cc">
      <Filter>源文件\webrtc_code\modules\audio_processing\aec3</Filter>
    </ClCompile>
    <ClCompile Include="webrtc_code\modules\audio_processing\aec3\block_processor_metrics.cc">
      <Filter>源文件\webrtc_code\modules\audio_processing\aec3</Filter>
    </ClCompile>
    <ClCompile Include="webrtc_code\modules\audio_processing\aec3\cascaded_biquad_filter.cc">
      <Filter>源文件\webrtc_code\modules\audio_processing\aec3</Filter>
    </ClCompile>
    <ClCompile Include="webrtc_code\modules\audio_processing\aec3\clockdrift_detector.cc">
      <Filter>源文件\webrtc_code\modules\audio_processing\aec3</Filter>
    </ClCompile>
    <ClCompile Include="webrtc_code\modules\audio_processing\aec3\comfort_noise_generator.cc">
      <Filter>源文件\webrtc_code\modules\audio_processing\aec3</Filter>
    </ClCompile>
    <ClCompile Include="webrtc_code\modules\audio_processing\aec3\decimator.cc">
      <Filter>源文件\webrtc_code\modules\audio_processing\aec3</Filter>
    </ClCompile>
    <ClCompile Include="webrtc_code\modules\audio_processing\aec3\downsampled_render_buffer.cc">
      <Filter>源文件\webrtc_code\modules\audio_processing\aec3</Filter>
    </ClCompile>
    <ClCompile Include="webrtc_code\modules\audio_processing\aec3\echo_audibility.cc">
      <Filter>源文件\webrtc_code\modules\audio_processing\aec3</Filter>
    </ClCompile>
    <ClCompile Include="webrtc_code\modules\audio_processing\aec3\echo_path_delay_estimator.cc">
      <Filter>源文件\webrtc_code\modules\audio_processing\aec3</Filter>
    </ClCompile>
    <ClCompile Include="webrtc_code\modules\audio_processing\aec3\echo_path_variability.cc">
      <Filter>源文件\webrtc_code\modules\audio_processing\aec3</Filter>
    </ClCompile>
    <ClCompile Include="webrtc_code\modules\audio_processing\aec3\echo_remover.cc">
      <Filter>源文件\webrtc_code\modules\audio_processing\aec3</Filter>
    </ClCompile>
    <ClCompile Include="webrtc_code\modules\audio_processing\aec3\echo_remover_metrics.cc">
      <Filter>源文件\webrtc_code\modules\audio_processing\aec3</Filter>
    </ClCompile>
    <ClCompile Include="webrtc_code\modules\audio_processing\aec3\erl_estimator.cc">
      <Filter>源文件\webrtc_code\modules\audio_processing\aec3</Filter>
    </ClCompile>
    <ClCompile Include="webrtc_code\modules\audio_processing\aec3\erle_estimator.cc">
      <Filter>源文件\webrtc_code\modules\audio_processing\aec3</Filter>
    </ClCompile>
    <ClCompile Include="webrtc_code\modules\audio_processing\aec3\fft_buffer.cc">
      <Filter>源文件\webrtc_code\modules\audio_processing\aec3</Filter>
    </ClCompile>
    <ClCompile Include="webrtc_code\modules\audio_processing\aec3\filter_analyzer.cc">
      <Filter>源文件\webrtc_code\modules\audio_processing\aec3</Filter>
    </ClCompile>
    <ClCompile Include="webrtc_code\modules\audio_processing\aec3\frame_blocker.cc">
      <Filter>源文件\webrtc_code\modules\audio_processing\aec3</Filter>
    </ClCompile>
    <ClCompile Include="webrtc_code\modules\audio_processing\aec3\fullband_erle_estimator.cc">
      <Filter>源文件\webrtc_code\modules\audio_processing\aec3</Filter>
    </ClCompile>
    <ClCompile Include="webrtc_code\modules\audio_processing\aec3\main_filter_update_gain.cc">
      <Filter>源文件\webrtc_code\modules\audio_processing\aec3</Filter>
    </ClCompile>
    <ClCompile Include="webrtc_code\modules\audio_processing\aec3\matched_filter.cc">
      <Filter>源文件\webrtc_code\modules\audio_processing\aec3</Filter>
    </ClCompile>
    <ClCompile Include="webrtc_code\modules\audio_processing\aec3\matched_filter_lag_aggregator.cc">
      <Filter>源文件\webrtc_code\modules\audio_processing\aec3</Filter>
    </ClCompile>
    <ClCompile Include="webrtc_code\modules\audio_processing\aec3\matrix_buffer.cc">
      <Filter>源文件\webrtc_code\modules\audio_processing\aec3</Filter>
    </ClCompile>
    <ClCompile Include="webrtc_code\modules\audio_processing\aec3\moving_average.cc">
      <Filter>源文件\webrtc_code\modules\audio_processing\aec3</Filter>
    </ClCompile>
    <ClCompile Include="webrtc_code\modules\audio_processing\aec3\render_buffer.cc">
      <Filter>源文件\webrtc_code\modules\audio_processing\aec3</Filter>
    </ClCompile>
    <ClCompile Include="webrtc_code\modules\audio_processing\aec3\render_delay_buffer.cc">
      <Filter>源文件\webrtc_code\modules\audio_processing\aec3</Filter>
    </ClCompile>
    <ClCompile Include="webrtc_code\modules\audio_processing\aec3\render_delay_controller.cc">
      <Filter>源文件\webrtc_code\modules\audio_processing\aec3</Filter>
    </ClCompile>
    <ClCompile Include="webrtc_code\modules\audio_processing\aec3\render_delay_controller_metrics.cc">
      <Filter>源文件\webrtc_code\modules\audio_processing\aec3</Filter>
    </ClCompile>
    <ClCompile Include="webrtc_code\modules\audio_processing\aec3\render_reverb_model.cc">
      <Filter>源文件\webrtc_code\modules\audio_processing\aec3</Filter>
    </ClCompile>
    <ClCompile Include="webrtc_code\modules\audio_processing\aec3\render_signal_analyzer.cc">
      <Filter>源文件\webrtc_code\modules\audio_processing\aec3</Filter>
    </ClCompile>
    <ClCompile Include="webrtc_code\modules\audio_processing\aec3\residual_echo_estimator.cc">
      <Filter>源文件\webrtc_code\modules\audio_processing\aec3</Filter>
    </ClCompile>
    <ClCompile Include="webrtc_code\modules\audio_processing\aec3\reverb_decay_estimator.cc">
      <Filter>源文件\webrtc_code\modules\audio_processing\aec3</Filter>
    </ClCompile>
    <ClCompile Include="webrtc_code\modules\audio_processing\aec3\reverb_frequency_response.cc">
      <Filter>源文件\webrtc_code\modules\audio_processing\aec3</Filter>
    </ClCompile>
    <ClCompile Include="webrtc_code\modules\audio_processing\aec3\reverb_model.cc">
      <Filter>源文件\webrtc_code\modules\audio_processing\aec3</Filter>
    </ClCompile>
    <ClCompile Include="webrtc_code\modules\audio_processing\aec3\reverb_model_estimator.cc">
      <Filter>源文件\webrtc_code\modules\audio_processing\aec3</Filter>
    </ClCompile>
    <ClCompile Include="webrtc_code\modules\audio_processing\aec3\reverb_model_fallback.cc">
      <Filter>源文件\webrtc_code\modules\audio_processing\aec3</Filter>
    </ClCompile>
    <ClCompile Include="webrtc_code\modules\audio_processing\aec3\shadow_filter_update_gain.cc">
      <Filter>源文件\webrtc_code\modules\audio_processing\aec3</Filter>
    </ClCompile>
    <ClCompile Include="webrtc_code\modules\audio_processing\aec3\signal_dependent_erle_estimator.cc">
      <Filter>源文件\webrtc_code\modules\audio_processing\aec3</Filter>
    </ClCompile>
    <ClCompile Include="webrtc_code\modules\audio_processing\aec3\stationarity_estimator.cc">
      <Filter>源文件\webrtc_code\modules\audio_processing\aec3</Filter>
    </ClCompile>
    <ClCompile Include="webrtc_code\modules\audio_processing\aec3\subband_erle_estimator.cc">
      <Filter>源文件\webrtc_code\modules\audio_processing\aec3</Filter>
    </ClCompile>
    <ClCompile Include="webrtc_code\modules\audio_processing\aec3\subtractor.cc">
      <Filter>源文件\webrtc_code\modules\audio_processing\aec3</Filter>
    </ClCompile>
    <ClCompile Include="webrtc_code\modules\audio_processing\aec3\subtractor_output.cc">
      <Filter>源文件\webrtc_code\modules\audio_processing\aec3</Filter>
    </ClCompile>
    <ClCompile Include="webrtc_code\modules\audio_processing\aec3\subtractor_output_analyzer.cc">
      <Filter>源文件\webrtc_code\modules\audio_processing\aec3</Filter>
    </ClCompile>
    <ClCompile Include="webrtc_code\modules\audio_processing\aec3\suppression_filter.cc">
      <Filter>源文件\webrtc_code\modules\audio_processing\aec3</Filter>
    </ClCompile>
    <ClCompile Include="webrtc_code\modules\audio_processing\aec3\suppression_gain.cc">
      <Filter>源文件\webrtc_code\modules\audio_processing\aec3</Filter>
    </ClCompile>
    <ClCompile Include="webrtc_code\modules\audio_processing\aec3\vector_buffer.cc">
      <Filter>源文件\webrtc_code\modules\audio_processing\aec3</Filter>
    </ClCompile>
    <ClCompile Include="webrtc_code\rtc_base\logging.cc">
      <Filter>源文件\webrtc_code\rtc_base</Filter>
    </ClCompile>
    <ClCompile Include="webrtc_code\rtc_base\race_checker.cc">
      <Filter>源文件\webrtc_code\rtc_base</Filter>
    </ClCompile>
    <ClCompile Include="webrtc_code\rtc_base\buffer_queue.cc">
      <Filter>源文件\webrtc_code\rtc_base</Filter>
    </ClCompile>
    <ClCompile Include="webrtc_code\rtc_base\copy_on_write_buffer.cc">
      <Filter>源文件\webrtc_code\rtc_base</Filter>
    </ClCompile>
    <ClCompile Include="webrtc_code\rtc_base\cpu_time.cc">
      <Filter>源文件\webrtc_code\rtc_base</Filter>
    </ClCompile>
    <ClCompile Include="webrtc_code\rtc_base\crc32.cc">
      <Filter>源文件\webrtc_code\rtc_base</Filter>
    </ClCompile>
    <ClCompile Include="webrtc_code\rtc_base\critical_section.cc">
      <Filter>源文件\webrtc_code\rtc_base</Filter>
    </ClCompile>
    <ClCompile Include="webrtc_code\rtc_base\crypt_string.cc">
      <Filter>源文件\webrtc_code\rtc_base</Filter>
    </ClCompile>
    <ClCompile Include="webrtc_code\rtc_base\flags.cc">
      <Filter>源文件\webrtc_code\rtc_base</Filter>
    </ClCompile>
    <ClCompile Include="webrtc_code\rtc_base\location.cc">
      <Filter>源文件\webrtc_code\rtc_base</Filter>
    </ClCompile>
    <ClCompile Include="webrtc_code\rtc_base\memory_usage.cc">
      <Filter>源文件\webrtc_code\rtc_base</Filter>
    </ClCompile>
    <ClCompile Include="webrtc_code\rtc_base\platform_file.cc">
      <Filter>源文件\webrtc_code\rtc_base</Filter>
    </ClCompile>
    <ClCompile Include="webrtc_code\rtc_base\platform_thread_types.cc">
      <Filter>源文件\webrtc_code\rtc_base</Filter>
    </ClCompile>
    <ClCompile Include="webrtc_code\rtc_base\random.cc">
      <Filter>源文件\webrtc_code\rtc_base</Filter>
    </ClCompile>
    <ClCompile Include="webrtc_code\rtc_base\rate_statistics.cc">
      <Filter>源文件\webrtc_code\rtc_base</Filter>
    </ClCompile>
    <ClCompile Include="webrtc_code\rtc_base\rate_tracker.cc">
      <Filter>源文件\webrtc_code\rtc_base</Filter>
    </ClCompile>
    <ClCompile Include="webrtc_code\rtc_base\string_encode.cc">
      <Filter>源文件\webrtc_code\rtc_base</Filter>
    </ClCompile>
    <ClCompile Include="webrtc_code\rtc_base\string_to_number.cc">
      <Filter>源文件\webrtc_code\rtc_base</Filter>
    </ClCompile>
    <ClCompile Include="webrtc_code\rtc_base\string_utils.cc">
      <Filter>源文件\webrtc_code\rtc_base</Filter>
    </ClCompile>
    <ClCompile Include="webrtc_code\rtc_base\time_utils.cc">
      <Filter>源文件\webrtc_code\rtc_base</Filter>
    </ClCompile>
    <ClCompile Include="webrtc_code\rtc_base\timestamp_aligner.cc">
      <Filter>源文件\webrtc_code\rtc_base</Filter>
    </ClCompile>
    <ClCompile Include="webrtc_code\modules\audio_processing\aec3\adaptive_fir_filter.cc">
      <Filter>源文件\webrtc_code\modules\audio_processing\aec3</Filter>
    </ClCompile>
    <ClCompile Include="webrtc_code\modules\audio_processing\aec3\aec_state.cc">
      <Filter>源文件\webrtc_code\modules\audio_processing\aec3</Filter>
    </ClCompile>
    <ClCompile Include="webrtc_code\modules\audio_processing\aec3\aec3_common.cc">
      <Filter>源文件\webrtc_code\modules\audio_processing\aec3</Filter>
    </ClCompile>
    <ClCompile Include="webrtc_code\modules\audio_processing\aec3\aec3_fft.cc">
      <Filter>源文件\webrtc_code\modules\audio_processing\aec3</Filter>
    </ClCompile>
    <ClCompile Include="webrtc_code\modules\audio_processing\utility\block_mean_calculator.cc">
      <Filter>源文件\webrtc_code\modules\audio_processing\utility</Filter>
    </ClCompile>
    <ClCompile Include="webrtc_code\modules\audio_processing\utility\delay_estimator.cc">
      <Filter>源文件\webrtc_code\modules\audio_processing\utility</Filter>
    </ClCompile>
    <ClCompile Include="webrtc_code\modules\audio_processing\utility\delay_estimator_wrapper.cc">
      <Filter>源文件\webrtc_code\modules\audio_processing\utility</Filter>
    </ClCompile>
    <ClCompile Include="webrtc_code\modules\audio_processing\utility\ooura_fft.cc">
      <Filter>源文件\webrtc_code\modules\audio_processing\utility</Filter>
    </ClCompile>
    <ClCompile Include="webrtc_code\modules\audio_processing\utility\ooura_fft_mips.cc">
      <Filter>源文件\webrtc_code\modules\audio_processing\utility</Filter>
    </ClCompile>
    <ClCompile Include="webrtc_code\modules\audio_processing\utility\ooura_fft_sse2.cc">
      <Filter>源文件\webrtc_code\modules\audio_processing\utility</Filter>
    </ClCompile>
    <ClCompile Include="webrtc_code\api\audio\audio_frame.cc">
      <Filter>源文件\webrtc_code\api\audio</Filter>
    </ClCompile>
    <ClCompile Include="webrtc_code\api\audio\echo_canceller3_config_json.cc">
      <Filter>源文件\webrtc_code\api\audio</Filter>
    </ClCompile>
    <ClCompile Include="webrtc_code\api\audio\echo_canceller3_factory.cc">
      <Filter>源文件\webrtc_code\api\audio</Filter>
    </ClCompile>
    <ClCompile Include="webrtc_code\rtc_base\strings\audio_format_to_string.cc">
      <Filter>源文件\webrtc_code\rtc_base\strings</Filter>
    </ClCompile>
    <ClCompile Include="webrtc_code\rtc_base\strings\json.cc">
      <Filter>源文件\webrtc_code\rtc_base\strings</Filter>
    </ClCompile>
    <ClCompile Include="webrtc_code\rtc_base\strings\string_builder.cc">
      <Filter>源文件\webrtc_code\rtc_base\strings</Filter>
    </ClCompile>
    <ClCompile Include="webrtc_code\third_party\jsoncpp\source\src\lib_json\json_reader.cpp">
      <Filter>源文件\webrtc_code\third_party\jsoncpp</Filter>
    </ClCompile>
    <ClCompile Include="webrtc_code\third_party\jsoncpp\source\src\lib_json\json_value.cpp">
      <Filter>源文件\webrtc_code\third_party\jsoncpp</Filter>
    </ClCompile>
    <ClCompile Include="webrtc_code\third_party\jsoncpp\source\src\lib_json\json_writer.cpp">
      <Filter>源文件\webrtc_code\third_party\jsoncpp</Filter>
    </ClCompile>
    <ClCompile Include="webrtc_code\common_audio\audio_converter.cc">
      <Filter>源文件\webrtc_code\common_audio</Filter>
    </ClCompile>
    <ClCompile Include="webrtc_code\common_audio\audio_util.cc">
      <Filter>源文件\webrtc_code\common_audio</Filter>
    </ClCompile>
    <ClCompile Include="webrtc_code\common_audio\channel_buffer.cc">
      <Filter>源文件\webrtc_code\common_audio</Filter>
    </ClCompile>
    <ClCompile Include="webrtc_code\common_audio\resampler\push_resampler.cc">
      <Filter>源文件\webrtc_code\common_audio\resampler</Filter>
    </ClCompile>
    <ClCompile Include="webrtc_code\common_audio\resampler\push_sinc_resampler.cc">
      <Filter>源文件\webrtc_code\common_audio\resampler</Filter>
    </ClCompile>
    <ClCompile Include="webrtc_code\common_audio\resampler\sinc_resampler.cc">
      <Filter>源文件\webrtc_code\common_audio\resampler</Filter>
    </ClCompile>
    <ClCompile Include="webrtc_code\rtc_base\memory\aligned_malloc.cc">
      <Filter>源文件\webrtc_code\rtc_base\memory</Filter>
    </ClCompile>
    <ClCompile Include="webrtc_code\common_audio\resampler\sinc_resampler_sse.cc">
      <Filter>源文件\webrtc_code\common_audio\resampler</Filter>
    </ClCompile>
    <ClCompile Include="webrtc_code\common_audio\resampler\sinusoidal_linear_chirp_source.cc">
      <Filter>源文件\webrtc_code\common_audio\resampler</Filter>
    </ClCompile>
    <ClCompile Include="webrtc_code\modules\audio_processing\splitting_filter.cc">
      <Filter>源文件\webrtc_code\modules\audio_processing</Filter>
    </ClCompile>
    <ClCompile Include="webrtc_code\modules\audio_processing\three_band_filter_bank.cc">
      <Filter>源文件\webrtc_code\modules\audio_processing</Filter>
    </ClCompile>
    <ClCompile Include="webrtc_code\common_audio\signal_processing\splitting_filter.c">
      <Filter>源文件\webrtc_code\common_audio\signal_processing</Filter>
    </ClCompile>
    <ClCompile Include="webrtc_code\common_audio\sparse_fir_filter.cc">
      <Filter>源文件\webrtc_code\common_audio</Filter>
    </ClCompile>
    <ClCompile Include="webrtc_code\system_wrappers\source\metrics.cc">
      <Filter>源文件\webrtc_code\system_warp</Filter>
    </ClCompile>
    <ClCompile Include="webrtc_code\rtc_base\zero_memory.cc">
      <Filter>源文件\webrtc_code\rtc_base</Filter>
    </ClCompile>
    <ClCompile Include="webrtc_code\modules\audio_processing\audio_buffer.cc">
      <Filter>源文件\webrtc_code\modules\audio_processing</Filter>
    </ClCompile>
    <ClCompile Include="webrtc_code\modules\audio_device\win\audio_device_core_win.cc">
      <Filter>源文件\webrtc_code\modules\audio_device\win</Filter>
    </ClCompile>
    <ClCompile Include="webrtc_code\modules\audio_device\audio_device_buffer.cc">
      <Filter>源文件\webrtc_code\modules\audio_device</Filter>
    </ClCompile>
    <ClCompile Include="webrtc_code\common_audio\signal_processing\spl_init.c">
      <Filter>源文件\webrtc_code\common_audio\signal_processing</Filter>
    </ClCompile>
    <ClCompile Include="webrtc_code\common_audio\signal_processing\min_max_operations.c">
      <Filter>源文件\webrtc_code\common_audio\signal_processing</Filter>
    </ClCompile>
    <ClCompile Include="webrtc_code\common_audio\signal_processing\vector_scaling_operations.c">
      <Filter>源文件\webrtc_code\common_audio\signal_processing</Filter>
    </ClCompile>
    <ClCompile Include="webrtc_code\common_audio\signal_processing\cross_correlation.c">
      <Filter>源文件\webrtc_code\common_audio\signal_processing</Filter>
    </ClCompile>
    <ClCompile Include="webrtc_code\rtc_base\task_queue.cc">
      <Filter>源文件\webrtc_code\rtc_base</Filter>
    </ClCompile>
    <ClCompile Include="webrtc_code\rtc_base\synchronization\sequence_checker.cc">
      <Filter>源文件\webrtc_code\rtc_base\synchronization</Filter>
    </ClCompile>
    <ClCompile Include="webrtc_code\modules\audio_device\audio_device_generic.cc">
      <Filter>源文件\webrtc_code\modules\audio_device</Filter>
    </ClCompile>
    <ClCompile Include="webrtc_code\common_audio\signal_processing\downsample_fast.c">
      <Filter>源文件\webrtc_code\common_audio\signal_processing</Filter>
    </ClCompile>
    <ClCompile Include="webrtc_code\system_wrappers\source\sleep.cc">
      <Filter>源文件\webrtc_code\system_warp</Filter>
    </ClCompile>
    <ClCompile Include="webrtc_code\api\task_queue\task_queue_base.cc">
      <Filter>源文件\webrtc_code\api</Filter>
    </ClCompile>
    <ClCompile Include="webrtc_code\audio\audio_transport_impl.cc">
      <Filter>源文件\webrtc_code\audio</Filter>
    </ClCompile>
    <ClCompile Include="webrtc_code\audio\audio_level.cc">
      <Filter>源文件\webrtc_code\audio</Filter>
    </ClCompile>
    <ClCompile Include="webrtc_code\audio\remix_resample.cc">
      <Filter>源文件\webrtc_code\audio</Filter>
    </ClCompile>
    <ClCompile Include="webrtc_code\audio\utility\audio_frame_operations.cc">
      <Filter>源文件\webrtc_code\audio\unity</Filter>
    </ClCompile>
    <ClCompile Include="_3ASample.cpp">
      <Filter>源文件</Filter>
    </ClCompile>
    <ClCompile Include="webrtc_code\rtc_base\task_queue_win.cc">
      <Filter>源文件\webrtc_code\rtc_base</Filter>
    </ClCompile>
    <ClCompile Include="webrtc_code\rtc_base\event.cc">
      <Filter>源文件\webrtc_code\rtc_base</Filter>
    </ClCompile>
    <ClCompile Include="webrtc_code\rtc_base\synchronization\yield_policy.cc">
      <Filter>源文件\webrtc_code\rtc_base\synchronization</Filter>
    </ClCompile>
    <ClCompile Include="webrtc_code\rtc_base\platform_thread.cc">
      <Filter>源文件\webrtc_code\rtc_base</Filter>
    </ClCompile>
    <ClCompile Include="webrtc_code\modules\audio_device\audio_device_data_observer.cc">
      <Filter>源文件\webrtc_code\modules\audio_device</Filter>
    </ClCompile>
    <ClCompile Include="webrtc_code\modules\audio_device\audio_device_impl.cc">
      <Filter>源文件\webrtc_code\modules\audio_device</Filter>
    </ClCompile>
    <ClCompile Include="webrtc_code\modules\audio_device\dummy\audio_device_dummy.cc">
      <Filter>源文件\webrtc_code\modules\audio_device\dummy</Filter>
    </ClCompile>
    <ClCompile Include="webrtc_code\modules\audio_device\dummy\file_audio_device.cc">
      <Filter>源文件\webrtc_code\modules\audio_device\dummy</Filter>
    </ClCompile>
    <ClCompile Include="webrtc_code\modules\audio_device\dummy\file_audio_device_factory.cc">
      <Filter>源文件\webrtc_code\modules\audio_device\dummy</Filter>
    </ClCompile>
    <ClCompile Include="webrtc_code\rtc_base\system\file_wrapper.cc">
      <Filter>源文件\webrtc_code\rtc_base\system</Filter>
    </ClCompile>
    <ClCompile Include="webrtc_code\modules\audio_mixer\audio_mixer_impl.cc">
      <Filter>源文件\webrtc_code\modules\audio_mixer</Filter>
    </ClCompile>
    <ClCompile Include="webrtc_code\modules\audio_mixer\frame_combiner.cc">
      <Filter>源文件\webrtc_code\modules\audio_mixer</Filter>
    </ClCompile>
    <ClCompile Include="webrtc_code\modules\audio_mixer\audio_frame_manipulator.cc">
      <Filter>源文件\webrtc_code\modules\audio_mixer</Filter>
    </ClCompile>
    <ClCompile Include="webrtc_code\modules\audio_mixer\default_output_rate_calculator.cc">
      <Filter>源文件\webrtc_code\modules\audio_mixer</Filter>
    </ClCompile>
    <ClCompile Include="webrtc_code\modules\audio_processing\agc2\limiter.cc">
      <Filter>源文件\webrtc_code\modules\agc2</Filter>
    </ClCompile>
    <ClCompile Include="webrtc_code\modules\audio_processing\agc2\fixed_digital_level_estimator.cc">
      <Filter>源文件\webrtc_code\modules\agc2</Filter>
    </ClCompile>
    <ClCompile Include="webrtc_code\modules\audio_processing\agc2\interpolated_gain_curve.cc">
      <Filter>源文件\webrtc_code\modules\agc2</Filter>
    </ClCompile>
    <ClCompile Include="webrtc_code\modules\audio_processing\audio_processing_impl.cc">
      <Filter>源文件\webrtc_code\modules\audio_processing</Filter>
    </ClCompile>
    <ClCompile Include="webrtc_code\modules\audio_processing\vad\standalone_vad.cc">
      <Filter>源文件\webrtc_code\common_audio\vad</Filter>
    </ClCompile>
    <ClCompile Include="webrtc_code\modules\audio_processing\include\config.cc">
      <Filter>源文件\webrtc_code\modules\audio_processing\include</Filter>
    </ClCompile>
    <ClCompile Include="webrtc_code\modules\audio_processing\include\audio_processing_statistics.cc">
      <Filter>源文件\webrtc_code\modules\audio_processing\include</Filter>
    </ClCompile>
    <ClCompile Include="webrtc_code\modules\audio_processing\include\audio_processing.cc">
      <Filter>源文件\webrtc_code\modules\audio_processing\include</Filter>
    </ClCompile>
    <ClCompile Include="webrtc_code\modules\audio_processing\residual_echo_detector.cc">
      <Filter>源文件\webrtc_code\modules\audio_processing</Filter>
    </ClCompile>
    <ClCompile Include="webrtc_code\modules\audio_processing\include\aec_dump.cc">
      <Filter>源文件\webrtc_code\modules\audio_processing\include</Filter>
    </ClCompile>
    <ClCompile Include="webrtc_code\modules\audio_processing\rms_level.cc">
      <Filter>源文件\webrtc_code\modules\audio_processing</Filter>
    </ClCompile>
    <ClCompile Include="webrtc_code\modules\audio_processing\agc\agc_manager_direct.cc">
      <Filter>源文件\webrtc_code\modules\audio_processing\agc</Filter>
    </ClCompile>
    <ClCompile Include="webrtc_code\modules\audio_processing\agc\agc.cc">
      <Filter>源文件\webrtc_code\modules\audio_processing\agc</Filter>
    </ClCompile>
    <ClCompile Include="webrtc_code\modules\audio_processing\vad\voice_activity_detector.cc">
      <Filter>源文件\webrtc_code\modules\audio_processing\vad</Filter>
    </ClCompile>
    <ClCompile Include="webrtc_code\modules\audio_processing\agc\loudness_histogram.cc">
      <Filter>源文件\webrtc_code\modules\audio_processing\agc</Filter>
    </ClCompile>
    <ClCompile Include="webrtc_code\modules\audio_processing\agc\utility.cc">
      <Filter>源文件\webrtc_code\modules\audio_processing\agc</Filter>
    </ClCompile>
    <ClCompile Include="webrtc_code\modules\audio_processing\agc2\adaptive_mode_level_estimator_agc.cc">
      <Filter>源文件\webrtc_code\modules\audio_processing\agc2</Filter>
    </ClCompile>
    <ClCompile Include="webrtc_code\modules\audio_processing\agc2\vad_with_level.cc">
      <Filter>源文件\webrtc_code\modules\audio_processing\agc2</Filter>
    </ClCompile>
    <ClCompile Include="webrtc_code\modules\audio_processing\agc2\rnn_vad\features_extraction.cc">
      <Filter>源文件\webrtc_code\modules\audio_processing\agc2\rnn_vad</Filter>
    </ClCompile>
    <ClCompile Include="webrtc_code\modules\audio_processing\agc2\adaptive_mode_level_estimator.cc">
      <Filter>源文件\webrtc_code\modules\audio_processing\agc2</Filter>
    </ClCompile>
    <ClCompile Include="webrtc_code\modules\audio_processing\agc2\saturation_protector.cc">
      <Filter>源文件\webrtc_code\modules\audio_processing\agc2</Filter>
    </ClCompile>
    <ClCompile Include="webrtc_code\modules\audio_processing\agc2\agc2_common.cc">
      <Filter>源文件\webrtc_code\modules\audio_processing\agc2</Filter>
    </ClCompile>
    <ClCompile Include="webrtc_code\modules\audio_processing\agc2\rnn_vad\rnn.cc">
      <Filter>源文件\webrtc_code\modules\audio_processing\agc2\rnn_vad</Filter>
    </ClCompile>
    <ClCompile Include="webrtc_code\third_party\rnnoise\src\rnn_vad_weights.cc">
      <Filter>源文件\webrtc_code\third_party\rnnoise</Filter>
    </ClCompile>
    <ClCompile Include="webrtc_code\modules\audio_processing\agc2\biquad_filter.cc">
      <Filter>源文件\webrtc_code\modules\audio_processing\agc2</Filter>
    </ClCompile>
    <ClCompile Include="webrtc_code\modules\audio_processing\agc2\rnn_vad\pitch_search.cc">
      <Filter>源文件\webrtc_code\modules\audio_processing\agc2\rnn_vad</Filter>
    </ClCompile>
    <ClCompile Include="webrtc_code\modules\audio_processing\agc2\rnn_vad\spectral_features.cc">
      <Filter>源文件\webrtc_code\modules\audio_processing\agc2\rnn_vad</Filter>
    </ClCompile>
    <ClCompile Include="webrtc_code\modules\audio_processing\agc2\rnn_vad\lp_residual.cc">
      <Filter>源文件\webrtc_code\modules\audio_processing\agc2</Filter>
    </ClCompile>
    <ClCompile Include="webrtc_code\modules\audio_processing\agc2\rnn_vad\auto_correlation.cc">
      <Filter>源文件\webrtc_code\modules\audio_processing\agc2\rnn_vad</Filter>
    </ClCompile>
    <ClCompile Include="webrtc_code\modules\audio_processing\agc2\rnn_vad\pitch_search_internal.cc">
      <Filter>源文件\webrtc_code\modules\audio_processing\agc2\rnn_vad</Filter>
    </ClCompile>
    <ClCompile Include="webrtc_code\modules\audio_processing\agc2\rnn_vad\rnn_vad_tool.cc">
      <Filter>源文件\webrtc_code\modules\audio_processing\agc2\rnn_vad</Filter>
    </ClCompile>
    <ClCompile Include="webrtc_code\modules\audio_processing\agc2\rnn_vad\spectral_features_internal.cc">
      <Filter>源文件\webrtc_code\modules\audio_processing\agc2\rnn_vad</Filter>
    </ClCompile>
    <ClCompile Include="webrtc_code\modules\audio_processing\utility\pffft_wrapper.cc">
      <Filter>源文件\webrtc_code\modules\audio_processing\utility</Filter>
    </ClCompile>
    <ClCompile Include="webrtc_code\common_audio\wav_file.cc">
      <Filter>源文件\webrtc_code\common_audio</Filter>
    </ClCompile>
    <ClCompile Include="webrtc_code\common_audio\wav_header.cc">
      <Filter>源文件\webrtc_code\common_audio</Filter>
    </ClCompile>
    <ClCompile Include="webrtc_code\modules\audio_processing\agc2\gain_applier.cc">
      <Filter>源文件\webrtc_code\modules\audio_processing\agc2</Filter>
    </ClCompile>
    <ClCompile Include="webrtc_code\modules\audio_processing\echo_cancellation_impl.cc">
      <Filter>源文件\webrtc_code\modules\audio_processing</Filter>
    </ClCompile>
    <ClCompile Include="webrtc_code\modules\audio_processing\echo_control_mobile_impl.cc">
      <Filter>源文件\webrtc_code\modules\audio_processing</Filter>
    </ClCompile>
    <ClCompile Include="webrtc_code\modules\audio_processing\gain_control_config_proxy.cc">
      <Filter>源文件\webrtc_code\modules\audio_processing</Filter>
    </ClCompile>
    <ClCompile Include="webrtc_code\modules\audio_processing\gain_control_for_experimental_agc.cc">
      <Filter>源文件\webrtc_code\modules\audio_processing</Filter>
    </ClCompile>
    <ClCompile Include="webrtc_code\modules\audio_processing\gain_control_impl.cc">
      <Filter>源文件\webrtc_code\modules\audio_processing</Filter>
    </ClCompile>
    <ClCompile Include="webrtc_code\modules\audio_processing\gain_controller2.cc">
      <Filter>源文件\webrtc_code\modules\audio_processing</Filter>
    </ClCompile>
    <ClCompile Include="webrtc_code\modules\audio_processing\level_estimator_impl.cc">
      <Filter>源文件\webrtc_code\modules\audio_processing</Filter>
    </ClCompile>
    <ClCompile Include="webrtc_code\modules\audio_processing\low_cut_filter.cc">
      <Filter>源文件\webrtc_code\modules\audio_processing</Filter>
    </ClCompile>
    <ClCompile Include="webrtc_code\modules\audio_processing\noise_suppression_impl.cc">
      <Filter>源文件\webrtc_code\modules\audio_processing</Filter>
    </ClCompile>
    <ClCompile Include="webrtc_code\modules\audio_processing\noise_suppression_proxy.cc">
      <Filter>源文件\webrtc_code\modules\audio_processing</Filter>
    </ClCompile>
    <ClCompile Include="webrtc_code\modules\audio_processing\transient\transient_suppressor.cc">
      <Filter>源文件\webrtc_code\modules\audio_processing\transient</Filter>
    </ClCompile>
    <ClCompile Include="webrtc_code\modules\audio_processing\voice_detection_impl.cc">
      <Filter>源文件\webrtc_code\modules\audio_processing</Filter>
    </ClCompile>
    <ClCompile Include="webrtc_code\rtc_base\event_tracer.cc">
      <Filter>源文件\webrtc_code\rtc_base</Filter>
    </ClCompile>
    <ClCompile Include="webrtc_code\modules\audio_processing\aec\aec_core.cc">
      <Filter>源文件\webrtc_code\modules\aec</Filter>
    </ClCompile>
    <ClCompile Include="webrtc_code\common_audio\ring_buffer.c">
      <Filter>源文件\webrtc_code\common_audio</Filter>
    </ClCompile>
    <ClCompile Include="webrtc_code\modules\audio_processing\aec\aec_core_sse2.cc">
      <Filter>源文件\webrtc_code\modules\agc2</Filter>
    </ClCompile>
    <ClCompile Include="webrtc_code\modules\audio_processing\aec\echo_cancellation.cc">
      <Filter>源文件\webrtc_code\modules\aec</Filter>
    </ClCompile>
    <ClCompile Include="webrtc_code\common_audio\signal_processing\randomization_functions.c">
      <Filter>源文件\webrtc_code\common_audio\signal_processing</Filter>
    </ClCompile>
    <ClCompile Include="webrtc_code\modules\audio_processing\aec\aec_resampler.cc">
      <Filter>源文件\webrtc_code\modules\aec</Filter>
    </ClCompile>
    <ClCompile Include="webrtc_code\modules\audio_processing\aecm\echo_control_mobile.cc">
      <Filter>源文件\webrtc_code\modules\audio_processing\aecm</Filter>
    </ClCompile>
    <ClCompile Include="webrtc_code\modules\audio_processing\aecm\aecm_core.cc">
      <Filter>源文件\webrtc_code\modules\audio_processing\aecm</Filter>
    </ClCompile>
    <ClCompile Include="webrtc_code\modules\audio_processing\aecm\aecm_core_c.cc">
      <Filter>源文件\webrtc_code\modules\audio_processing\aecm</Filter>
    </ClCompile>
    <ClCompile Include="webrtc_code\common_audio\signal_processing\division_operations.c">
      <Filter>源文件\webrtc_code\common_audio\signal_processing</Filter>
    </ClCompile>
    <ClCompile Include="webrtc_code\common_audio\signal_processing\real_fft.c">
      <Filter>源文件\webrtc_code\common_audio\signal_processing</Filter>
    </ClCompile>
    <ClCompile Include="webrtc_code\common_audio\signal_processing\complex_fft.c">
      <Filter>源文件\webrtc_code\common_audio\signal_processing</Filter>
    </ClCompile>
    <ClCompile Include="webrtc_code\common_audio\signal_processing\complex_bit_reverse.c">
      <Filter>源文件\webrtc_code\common_audio\signal_processing</Filter>
    </ClCompile>
    <ClCompile Include="webrtc_code\common_audio\signal_processing\spl_inl.c">
      <Filter>源文件\webrtc_code\common_audio\signal_processing</Filter>
    </ClCompile>
    <ClCompile Include="webrtc_code\common_audio\third_party\spl_sqrt_floor\spl_sqrt_floor.c">
      <Filter>源文件\webrtc_code\common_audio\third_party\spl_sqrt_floor</Filter>
    </ClCompile>
    <ClCompile Include="webrtc_code\modules\audio_processing\agc2\adaptive_agc.cc">
      <Filter>源文件\webrtc_code\modules\audio_processing\agc2</Filter>
    </ClCompile>
    <ClCompile Include="webrtc_code\modules\audio_processing\agc2\down_sampler.cc">
      <Filter>源文件\webrtc_code\modules\audio_processing\agc2</Filter>
    </ClCompile>
    <ClCompile Include="webrtc_code\modules\audio_processing\agc2\noise_level_estimator.cc">
      <Filter>源文件\webrtc_code\modules\audio_processing\agc2</Filter>
    </ClCompile>
    <ClCompile Include="webrtc_code\modules\audio_processing\agc2\noise_spectrum_estimator.cc">
      <Filter>源文件\webrtc_code\modules\audio_processing\agc2</Filter>
    </ClCompile>
    <ClCompile Include="webrtc_code\modules\audio_processing\agc2\adaptive_digital_gain_applier.cc">
      <Filter>源文件\webrtc_code\modules\audio_processing\agc2</Filter>
    </ClCompile>
    <ClCompile Include="webrtc_code\modules\audio_processing\agc\legacy\analog_agc.c">
      <Filter>源文件\webrtc_code\modules\audio_processing\agc\legacy</Filter>
    </ClCompile>
    <ClCompile Include="webrtc_code\modules\audio_processing\agc\legacy\digital_agc.c">
      <Filter>源文件\webrtc_code\modules\audio_processing\agc\legacy</Filter>
    </ClCompile>
    <ClCompile Include="webrtc_code\modules\audio_processing\agc2\signal_classifier.cc">
      <Filter>源文件\webrtc_code\modules\audio_processing\agc2</Filter>
    </ClCompile>
    <ClCompile Include="webrtc_code\common_audio\signal_processing\copy_set_operations.c">
      <Filter>源文件\webrtc_code\common_audio\signal_processing</Filter>
    </ClCompile>
    <ClCompile Include="webrtc_code\common_audio\signal_processing\dot_product_with_scale.cc">
      <Filter>源文件\webrtc_code\common_audio\signal_processing</Filter>
    </ClCompile>
    <ClCompile Include="webrtc_code\common_audio\signal_processing\energy.c">
      <Filter>源文件\webrtc_code\common_audio\signal_processing</Filter>
    </ClCompile>
    <ClCompile Include="webrtc_code\common_audio\signal_processing\filter_ar.c">
      <Filter>源文件\webrtc_code\common_audio\signal_processing</Filter>
    </ClCompile>
    <ClCompile Include="webrtc_code\common_audio\signal_processing\get_scaling_square.c">
      <Filter>源文件\webrtc_code\common_audio\signal_processing</Filter>
    </ClCompile>
    <ClCompile Include="webrtc_code\common_audio\signal_processing\resample_48khz.c">
      <Filter>源文件\webrtc_code\common_audio\signal_processing</Filter>
    </ClCompile>
    <ClCompile Include="webrtc_code\common_audio\signal_processing\resample_by_2.c">
      <Filter>源文件\webrtc_code\common_audio\signal_processing</Filter>
    </ClCompile>
    <ClCompile Include="webrtc_code\common_audio\signal_processing\resample_by_2_internal.c">
      <Filter>源文件\webrtc_code\common_audio\signal_processing</Filter>
    </ClCompile>
    <ClCompile Include="webrtc_code\common_audio\signal_processing\resample_fractional.c">
      <Filter>源文件\webrtc_code\common_audio\signal_processing</Filter>
    </ClCompile>
    <ClCompile Include="webrtc_code\common_audio\signal_processing\spl_sqrt.c">
      <Filter>源文件\webrtc_code\common_audio\signal_processing</Filter>
    </ClCompile>
    <ClCompile Include="webrtc_code\modules\audio_processing\ns\noise_suppression.c">
      <Filter>源文件\webrtc_code\modules\audio_processing\ns</Filter>
    </ClCompile>
    <ClCompile Include="webrtc_code\modules\audio_processing\ns\ns_core.c">
      <Filter>源文件\webrtc_code\modules\audio_processing\ns</Filter>
    </ClCompile>
    <ClCompile Include="webrtc_code\modules\audio_processing\echo_detector\circular_buffer.cc">
      <Filter>源文件\webrtc_code\modules\audio_processing\echo_detector</Filter>
    </ClCompile>
    <ClCompile Include="webrtc_code\modules\audio_processing\echo_detector\mean_variance_estimator.cc">
      <Filter>源文件\webrtc_code\modules\audio_processing\echo_detector</Filter>
    </ClCompile>
    <ClCompile Include="webrtc_code\modules\audio_processing\echo_detector\moving_max.cc">
      <Filter>源文件\webrtc_code\modules\audio_processing\echo_detector</Filter>
    </ClCompile>
    <ClCompile Include="webrtc_code\modules\audio_processing\echo_detector\normalized_covariance_estimator.cc">
      <Filter>源文件\webrtc_code\modules\audio_processing\echo_detector</Filter>
    </ClCompile>
    <ClCompile Include="webrtc_code\common_audio\vad\vad.cc">
      <Filter>源文件\webrtc_code\common_audio\vad</Filter>
    </ClCompile>
    <ClCompile Include="webrtc_code\common_audio\vad\vad_core.c">
      <Filter>源文件\webrtc_code\common_audio\vad</Filter>
    </ClCompile>
    <ClCompile Include="webrtc_code\common_audio\vad\vad_filterbank.c">
      <Filter>源文件\webrtc_code\common_audio\vad</Filter>
    </ClCompile>
    <ClCompile Include="webrtc_code\common_audio\vad\vad_gmm.c">
      <Filter>源文件\webrtc_code\common_audio\vad</Filter>
    </ClCompile>
    <ClCompile Include="webrtc_code\common_audio\vad\vad_sp.c">
      <Filter>源文件\webrtc_code\common_audio\vad</Filter>
    </ClCompile>
    <ClCompile Include="webrtc_code\common_audio\vad\webrtc_vad.c">
      <Filter>源文件\webrtc_code\common_audio\vad</Filter>
    </ClCompile>
    <ClCompile Include="webrtc_code\modules\audio_processing\transient\moving_moments.cc">
      <Filter>源文件\webrtc_code\modules\audio_processing\transient</Filter>
    </ClCompile>
    <ClCompile Include="webrtc_code\modules\audio_processing\transient\transient_detector.cc">
      <Filter>源文件\webrtc_code\modules\audio_processing\transient</Filter>
    </ClCompile>
    <ClCompile Include="webrtc_code\modules\audio_processing\transient\wpd_node.cc">
      <Filter>源文件\webrtc_code\modules\audio_processing\transient</Filter>
    </ClCompile>
    <ClCompile Include="webrtc_code\modules\audio_processing\transient\wpd_tree.cc">
      <Filter>源文件\webrtc_code\modules\audio_processing\transient</Filter>
    </ClCompile>
    <ClCompile Include="webrtc_code\common_audio\third_party\fft4g\fft4g.c">
      <Filter>源文件\webrtc_code\common_audio\third_party\fft4g</Filter>
    </ClCompile>
    <ClCompile Include="webrtc_code\third_party\pffft\src\fftpack.c">
      <Filter>源文件\webrtc_code\third_party\pffft</Filter>
    </ClCompile>
    <ClCompile Include="webrtc_code\third_party\pffft\src\pffft.c">
      <Filter>源文件\webrtc_code\third_party\pffft</Filter>
    </ClCompile>
    <ClCompile Include="webrtc_code\common_audio\resampler\resampler.cc">
      <Filter>源文件\webrtc_code\common_audio\resampler</Filter>
    </ClCompile>
    <ClCompile Include="webrtc_code\common_audio\signal_processing\resample.c">
      <Filter>源文件\webrtc_code\common_audio\signal_processing</Filter>
    </ClCompile>
    <ClCompile Include="webrtc_code\modules\audio_processing\vad\gmm.cc">
      <Filter>源文件\webrtc_code\modules\audio_processing\vad</Filter>
    </ClCompile>
    <ClCompile Include="webrtc_code\modules\audio_processing\vad\pitch_based_vad.cc">
      <Filter>源文件\webrtc_code\modules\audio_processing\vad</Filter>
    </ClCompile>
    <ClCompile Include="webrtc_code\modules\audio_processing\vad\pitch_internal.cc">
      <Filter>源文件\webrtc_code\modules\audio_processing\vad</Filter>
    </ClCompile>
    <ClCompile Include="webrtc_code\modules\audio_processing\vad\pole_zero_filter.cc">
      <Filter>源文件\webrtc_code\modules\audio_processing\vad</Filter>
    </ClCompile>
    <ClCompile Include="webrtc_code\modules\audio_processing\vad\vad_audio_proc.cc">
      <Filter>源文件\webrtc_code\modules\audio_processing\vad</Filter>
    </ClCompile>
    <ClCompile Include="webrtc_code\modules\audio_processing\vad\vad_circular_buffer.cc">
      <Filter>源文件\webrtc_code\modules\audio_processing\vad</Filter>
    </ClCompile>
    <ClCompile Include="webrtc_code\common_audio\fir_filter_c.cc">
      <Filter>源文件\webrtc_code\common_audio</Filter>
    </ClCompile>
    <ClCompile Include="webrtc_code\common_audio\fir_filter_factory.cc">
      <Filter>源文件\webrtc_code\common_audio</Filter>
    </ClCompile>
    <ClCompile Include="webrtc_code\common_audio\fir_filter_sse.cc">
      <Filter>源文件\webrtc_code\common_audio</Filter>
    </ClCompile>
    <ClCompile Include="webrtc_code\modules\audio_coding\codecs\isac\main\source\filter_functions.c">
      <Filter>源文件\webrtc_code\modules\audio_coding\main</Filter>
    </ClCompile>
    <ClCompile Include="webrtc_code\modules\audio_coding\codecs\isac\main\source\isac_vad.c">
      <Filter>源文件\webrtc_code\modules\audio_coding\main</Filter>
    </ClCompile>
    <ClCompile Include="webrtc_code\modules\audio_coding\codecs\isac\main\source\pitch_estimator.c">
      <Filter>源文件\webrtc_code\modules\audio_coding\main</Filter>
    </ClCompile>
    <ClCompile Include="webrtc_code\modules\audio_coding\codecs\isac\main\source\pitch_filter.c">
      <Filter>源文件\webrtc_code\modules\audio_coding\main</Filter>
    </ClCompile>
    <ClCompile Include="AudioMixHeper.cpp">
      <Filter>源文件</Filter>
    </ClCompile>
  </ItemGroup>
  <ItemGroup>
    <ClInclude Include="webrtc_code\modules\audio_processing\aec3\echo_canceller3.h">
      <Filter>源文件\webrtc_code\modules\audio_processing\aec3</Filter>
    </ClInclude>
    <ClInclude Include="webrtc_code\rtc_base\checks.h">
      <Filter>源文件\webrtc_code\rtc_base</Filter>
    </ClInclude>
    <ClInclude Include="webrtc_code\api\audio\echo_canceller3_config.h">
      <Filter>源文件\webrtc_code\api</Filter>
    </ClInclude>
    <ClInclude Include="webrtc_code\modules\audio_processing\aec3\api_call_jitter_metrics.h">
      <Filter>源文件\webrtc_code\modules\audio_processing\aec3</Filter>
    </ClInclude>
    <ClInclude Include="webrtc_code\modules\audio_processing\aec3\block_delay_buffer.h">
      <Filter>源文件\webrtc_code\modules\audio_processing\aec3</Filter>
    </ClInclude>
    <ClInclude Include="webrtc_code\modules\audio_processing\aec3\block_framer.h">
      <Filter>源文件\webrtc_code\modules\audio_processing\aec3</Filter>
    </ClInclude>
    <ClInclude Include="webrtc_code\modules\audio_processing\logging\apm_data_dumper.h">
      <Filter>源文件\webrtc_code\modules\audio_processing\logging</Filter>
    </ClInclude>
    <ClInclude Include="webrtc_code\modules\audio_processing\aec3\block_processor.h">
      <Filter>源文件\webrtc_code\modules\audio_processing\aec3</Filter>
    </ClInclude>
    <ClInclude Include="webrtc_code\modules\audio_processing\aec3\block_processor_metrics.h">
      <Filter>源文件\webrtc_code\modules\audio_processing\aec3</Filter>
    </ClInclude>
    <ClInclude Include="webrtc_code\modules\audio_processing\aec3\cascaded_biquad_filter.h">
      <Filter>源文件\webrtc_code\modules\audio_processing\aec3</Filter>
    </ClInclude>
    <ClInclude Include="webrtc_code\modules\audio_processing\aec3\clockdrift_detector.h">
      <Filter>源文件\webrtc_code\modules\audio_processing\aec3</Filter>
    </ClInclude>
    <ClInclude Include="webrtc_code\modules\audio_processing\aec3\comfort_noise_generator.h">
      <Filter>源文件\webrtc_code\modules\audio_processing\aec3</Filter>
    </ClInclude>
    <ClInclude Include="webrtc_code\modules\audio_processing\aec3\decimator.h">
      <Filter>源文件\webrtc_code\modules\audio_processing\aec3</Filter>
    </ClInclude>
    <ClInclude Include="webrtc_code\modules\audio_processing\aec3\delay_estimate.h">
      <Filter>源文件\webrtc_code\modules\audio_processing\aec3</Filter>
    </ClInclude>
    <ClInclude Include="webrtc_code\modules\audio_processing\aec3\downsampled_render_buffer.h">
      <Filter>源文件\webrtc_code\modules\audio_processing\aec3</Filter>
    </ClInclude>
    <ClInclude Include="webrtc_code\modules\audio_processing\aec3\echo_audibility.h">
      <Filter>源文件\webrtc_code\modules\audio_processing\aec3</Filter>
    </ClInclude>
    <ClInclude Include="webrtc_code\modules\audio_processing\aec3\echo_path_delay_estimator.h">
      <Filter>源文件\webrtc_code\modules\audio_processing\aec3</Filter>
    </ClInclude>
    <ClInclude Include="webrtc_code\modules\audio_processing\aec3\echo_path_variability.h">
      <Filter>源文件\webrtc_code\modules\audio_processing\aec3</Filter>
    </ClInclude>
    <ClInclude Include="webrtc_code\modules\audio_processing\aec3\echo_remover.h">
      <Filter>源文件\webrtc_code\modules\audio_processing\aec3</Filter>
    </ClInclude>
    <ClInclude Include="webrtc_code\modules\audio_processing\aec3\echo_remover_metrics.h">
      <Filter>源文件\webrtc_code\modules\audio_processing\aec3</Filter>
    </ClInclude>
    <ClInclude Include="webrtc_code\modules\audio_processing\aec3\erl_estimator.h">
      <Filter>源文件\webrtc_code\modules\audio_processing\aec3</Filter>
    </ClInclude>
    <ClInclude Include="webrtc_code\modules\audio_processing\aec3\erle_estimator.h">
      <Filter>源文件\webrtc_code\modules\audio_processing\aec3</Filter>
    </ClInclude>
    <ClInclude Include="webrtc_code\modules\audio_processing\aec3\fft_buffer.h">
      <Filter>源文件\webrtc_code\modules\audio_processing\aec3</Filter>
    </ClInclude>
    <ClInclude Include="webrtc_code\modules\audio_processing\aec3\fft_data.h">
      <Filter>源文件\webrtc_code\modules\audio_processing\aec3</Filter>
    </ClInclude>
    <ClInclude Include="webrtc_code\modules\audio_processing\aec3\filter_analyzer.h">
      <Filter>源文件\webrtc_code\modules\audio_processing\aec3</Filter>
    </ClInclude>
    <ClInclude Include="webrtc_code\modules\audio_processing\aec3\frame_blocker.h">
      <Filter>源文件\webrtc_code\modules\audio_processing\aec3</Filter>
    </ClInclude>
    <ClInclude Include="webrtc_code\modules\audio_processing\aec3\fullband_erle_estimator.h">
      <Filter>源文件\webrtc_code\modules\audio_processing\aec3</Filter>
    </ClInclude>
    <ClInclude Include="webrtc_code\modules\audio_processing\aec3\main_filter_update_gain.h">
      <Filter>源文件\webrtc_code\modules\audio_processing\aec3</Filter>
    </ClInclude>
    <ClInclude Include="webrtc_code\modules\audio_processing\aec3\matched_filter.h">
      <Filter>源文件\webrtc_code\modules\audio_processing\aec3</Filter>
    </ClInclude>
    <ClInclude Include="webrtc_code\modules\audio_processing\aec3\matched_filter_lag_aggregator.h">
      <Filter>源文件\webrtc_code\modules\audio_processing\aec3</Filter>
    </ClInclude>
    <ClInclude Include="webrtc_code\modules\audio_processing\aec3\matrix_buffer.h">
      <Filter>源文件\webrtc_code\modules\audio_processing\aec3</Filter>
    </ClInclude>
    <ClInclude Include="webrtc_code\modules\audio_processing\aec3\moving_average.h">
      <Filter>源文件\webrtc_code\modules\audio_processing\aec3</Filter>
    </ClInclude>
    <ClInclude Include="webrtc_code\modules\audio_processing\aec3\render_buffer.h">
      <Filter>源文件\webrtc_code\modules\audio_processing\aec3</Filter>
    </ClInclude>
    <ClInclude Include="webrtc_code\modules\audio_processing\aec3\render_delay_buffer.h">
      <Filter>源文件\webrtc_code\modules\audio_processing\aec3</Filter>
    </ClInclude>
    <ClInclude Include="webrtc_code\modules\audio_processing\aec3\render_delay_controller.h">
      <Filter>源文件\webrtc_code\modules\audio_processing\aec3</Filter>
    </ClInclude>
    <ClInclude Include="webrtc_code\modules\audio_processing\aec3\render_delay_controller_metrics.h">
      <Filter>源文件\webrtc_code\modules\audio_processing\aec3</Filter>
    </ClInclude>
    <ClInclude Include="webrtc_code\modules\audio_processing\aec3\render_reverb_model.h">
      <Filter>源文件\webrtc_code\modules\audio_processing\aec3</Filter>
    </ClInclude>
    <ClInclude Include="webrtc_code\modules\audio_processing\aec3\render_signal_analyzer.h">
      <Filter>源文件\webrtc_code\modules\audio_processing\aec3</Filter>
    </ClInclude>
    <ClInclude Include="webrtc_code\modules\audio_processing\aec3\residual_echo_estimator.h">
      <Filter>源文件\webrtc_code\modules\audio_processing\aec3</Filter>
    </ClInclude>
    <ClInclude Include="webrtc_code\modules\audio_processing\aec3\reverb_decay_estimator.h">
      <Filter>源文件\webrtc_code\modules\audio_processing\aec3</Filter>
    </ClInclude>
    <ClInclude Include="webrtc_code\modules\audio_processing\aec3\reverb_frequency_response.h">
      <Filter>源文件\webrtc_code\modules\audio_processing\aec3</Filter>
    </ClInclude>
    <ClInclude Include="webrtc_code\modules\audio_processing\aec3\reverb_model.h">
      <Filter>源文件\webrtc_code\modules\audio_processing\aec3</Filter>
    </ClInclude>
    <ClInclude Include="webrtc_code\modules\audio_processing\aec3\reverb_model_estimator.h">
      <Filter>源文件\webrtc_code\modules\audio_processing\aec3</Filter>
    </ClInclude>
    <ClInclude Include="webrtc_code\modules\audio_processing\aec3\reverb_model_fallback.h">
      <Filter>源文件\webrtc_code\modules\audio_processing\aec3</Filter>
    </ClInclude>
    <ClInclude Include="webrtc_code\modules\audio_processing\aec3\shadow_filter_update_gain.h">
      <Filter>源文件\webrtc_code\modules\audio_processing\aec3</Filter>
    </ClInclude>
    <ClInclude Include="webrtc_code\modules\audio_processing\aec3\signal_dependent_erle_estimator.h">
      <Filter>源文件\webrtc_code\modules\audio_processing\aec3</Filter>
    </ClInclude>
    <ClInclude Include="webrtc_code\modules\audio_processing\aec3\stationarity_estimator.h">
      <Filter>源文件\webrtc_code\modules\audio_processing\aec3</Filter>
    </ClInclude>
    <ClInclude Include="webrtc_code\modules\audio_processing\aec3\subband_erle_estimator.h">
      <Filter>源文件\webrtc_code\modules\audio_processing\aec3</Filter>
    </ClInclude>
    <ClInclude Include="webrtc_code\modules\audio_processing\aec3\subtractor.h">
      <Filter>源文件\webrtc_code\modules\audio_processing\aec3</Filter>
    </ClInclude>
    <ClInclude Include="webrtc_code\modules\audio_processing\aec3\subtractor_output.h">
      <Filter>源文件\webrtc_code\modules\audio_processing\aec3</Filter>
    </ClInclude>
    <ClInclude Include="webrtc_code\modules\audio_processing\aec3\subtractor_output_analyzer.h">
      <Filter>源文件\webrtc_code\modules\audio_processing\aec3</Filter>
    </ClInclude>
    <ClInclude Include="webrtc_code\modules\audio_processing\aec3\suppression_filter.h">
      <Filter>源文件\webrtc_code\modules\audio_processing\aec3</Filter>
    </ClInclude>
    <ClInclude Include="webrtc_code\modules\audio_processing\aec3\suppression_gain.h">
      <Filter>源文件\webrtc_code\modules\audio_processing\aec3</Filter>
    </ClInclude>
    <ClInclude Include="webrtc_code\modules\audio_processing\aec3\vector_buffer.h">
      <Filter>源文件\webrtc_code\modules\audio_processing\aec3</Filter>
    </ClInclude>
    <ClInclude Include="webrtc_code\modules\audio_processing\aec3\vector_math.h">
      <Filter>源文件\webrtc_code\modules\audio_processing\aec3</Filter>
    </ClInclude>
    <ClInclude Include="webrtc_code\rtc_base\logging.h">
      <Filter>源文件\webrtc_code\rtc_base</Filter>
    </ClInclude>
    <ClInclude Include="webrtc_code\rtc_base\race_checker.h">
      <Filter>源文件\webrtc_code\rtc_base</Filter>
    </ClInclude>
    <ClInclude Include="webrtc_code\rtc_base\arraysize.h">
      <Filter>源文件\webrtc_code\rtc_base</Filter>
    </ClInclude>
    <ClInclude Include="webrtc_code\rtc_base\async_invoker_inl.h">
      <Filter>源文件\webrtc_code\rtc_base</Filter>
    </ClInclude>
    <ClInclude Include="webrtc_code\rtc_base\atomic_ops.h">
      <Filter>源文件\webrtc_code\rtc_base</Filter>
    </ClInclude>
    <ClInclude Include="webrtc_code\rtc_base\bind.h">
      <Filter>源文件\webrtc_code\rtc_base</Filter>
    </ClInclude>
    <ClInclude Include="webrtc_code\rtc_base\buffer.h">
      <Filter>源文件\webrtc_code\rtc_base</Filter>
    </ClInclude>
    <ClInclude Include="webrtc_code\rtc_base\buffer_queue.h">
      <Filter>源文件\webrtc_code\rtc_base</Filter>
    </ClInclude>
    <ClInclude Include="webrtc_code\rtc_base\byte_order.h">
      <Filter>源文件\webrtc_code\rtc_base</Filter>
    </ClInclude>
    <ClInclude Include="webrtc_code\rtc_base\callback.h">
      <Filter>源文件\webrtc_code\rtc_base</Filter>
    </ClInclude>
    <ClInclude Include="webrtc_code\rtc_base\compile_assert_c.h">
      <Filter>源文件\webrtc_code\rtc_base</Filter>
    </ClInclude>
    <ClInclude Include="webrtc_code\rtc_base\constructor_magic.h">
      <Filter>源文件\webrtc_code\rtc_base</Filter>
    </ClInclude>
    <ClInclude Include="webrtc_code\rtc_base\copy_on_write_buffer.h">
      <Filter>源文件\webrtc_code\rtc_base</Filter>
    </ClInclude>
    <ClInclude Include="webrtc_code\rtc_base\cpu_time.h">
      <Filter>源文件\webrtc_code\rtc_base</Filter>
    </ClInclude>
    <ClInclude Include="webrtc_code\rtc_base\crc32.h">
      <Filter>源文件\webrtc_code\rtc_base</Filter>
    </ClInclude>
    <ClInclude Include="webrtc_code\rtc_base\critical_section.h">
      <Filter>源文件\webrtc_code\rtc_base</Filter>
    </ClInclude>
    <ClInclude Include="webrtc_code\rtc_base\crypt_string.h">
      <Filter>源文件\webrtc_code\rtc_base</Filter>
    </ClInclude>
    <ClInclude Include="webrtc_code\rtc_base\deprecation.h">
      <Filter>源文件\webrtc_code\rtc_base</Filter>
    </ClInclude>
    <ClInclude Include="webrtc_code\rtc_base\dscp.h">
      <Filter>源文件\webrtc_code\rtc_base</Filter>
    </ClInclude>
    <ClInclude Include="webrtc_code\rtc_base\event_tracer.h">
      <Filter>源文件\webrtc_code\rtc_base</Filter>
    </ClInclude>
    <ClInclude Include="webrtc_code\rtc_base\fake_mdns_responder.h">
      <Filter>源文件\webrtc_code\rtc_base</Filter>
    </ClInclude>
    <ClInclude Include="webrtc_code\rtc_base\flags.h">
      <Filter>源文件\webrtc_code\rtc_base</Filter>
    </ClInclude>
    <ClInclude Include="webrtc_code\rtc_base\format_macros.h">
      <Filter>源文件\webrtc_code\rtc_base</Filter>
    </ClInclude>
    <ClInclude Include="webrtc_code\rtc_base\function_view.h">
      <Filter>源文件\webrtc_code\rtc_base</Filter>
    </ClInclude>
    <ClInclude Include="webrtc_code\rtc_base\gtest_prod_util.h">
      <Filter>源文件\webrtc_code\rtc_base</Filter>
    </ClInclude>
    <ClInclude Include="webrtc_code\rtc_base\gunit_prod.h">
      <Filter>源文件\webrtc_code\rtc_base</Filter>
    </ClInclude>
    <ClInclude Include="webrtc_code\rtc_base\ignore_wundef.h">
      <Filter>源文件\webrtc_code\rtc_base</Filter>
    </ClInclude>
    <ClInclude Include="webrtc_code\rtc_base\keep_ref_until_done.h">
      <Filter>源文件\webrtc_code\rtc_base</Filter>
    </ClInclude>
    <ClInclude Include="webrtc_code\rtc_base\location.h">
      <Filter>源文件\webrtc_code\rtc_base</Filter>
    </ClInclude>
    <ClInclude Include="webrtc_code\rtc_base\mdns_responder_interface.h">
      <Filter>源文件\webrtc_code\rtc_base</Filter>
    </ClInclude>
    <ClInclude Include="webrtc_code\rtc_base\memory_usage.h">
      <Filter>源文件\webrtc_code\rtc_base</Filter>
    </ClInclude>
    <ClInclude Include="webrtc_code\rtc_base\message_buffer_reader.h">
      <Filter>源文件\webrtc_code\rtc_base</Filter>
    </ClInclude>
    <ClInclude Include="webrtc_code\rtc_base\one_time_event.h">
      <Filter>源文件\webrtc_code\rtc_base</Filter>
    </ClInclude>
    <ClInclude Include="webrtc_code\rtc_base\platform_file.h">
      <Filter>源文件\webrtc_code\rtc_base</Filter>
    </ClInclude>
    <ClInclude Include="webrtc_code\rtc_base\platform_thread.h">
      <Filter>源文件\webrtc_code\rtc_base</Filter>
    </ClInclude>
    <ClInclude Include="webrtc_code\rtc_base\platform_thread_types.h">
      <Filter>源文件\webrtc_code\rtc_base</Filter>
    </ClInclude>
    <ClInclude Include="webrtc_code\rtc_base\protobuf_utils.h">
      <Filter>源文件\webrtc_code\rtc_base</Filter>
    </ClInclude>
    <ClInclude Include="webrtc_code\rtc_base\random.h">
      <Filter>源文件\webrtc_code\rtc_base</Filter>
    </ClInclude>
    <ClInclude Include="webrtc_code\rtc_base\rate_statistics.h">
      <Filter>源文件\webrtc_code\rtc_base</Filter>
    </ClInclude>
    <ClInclude Include="webrtc_code\rtc_base\rate_tracker.h">
      <Filter>源文件\webrtc_code\rtc_base</Filter>
    </ClInclude>
    <ClInclude Include="webrtc_code\rtc_base\ref_count.h">
      <Filter>源文件\webrtc_code\rtc_base</Filter>
    </ClInclude>
    <ClInclude Include="webrtc_code\rtc_base\ref_counted_object.h">
      <Filter>源文件\webrtc_code\rtc_base</Filter>
    </ClInclude>
    <ClInclude Include="webrtc_code\rtc_base\ref_counter.h">
      <Filter>源文件\webrtc_code\rtc_base</Filter>
    </ClInclude>
    <ClInclude Include="webrtc_code\rtc_base\rolling_accumulator.h">
      <Filter>源文件\webrtc_code\rtc_base</Filter>
    </ClInclude>
    <ClInclude Include="webrtc_code\rtc_base\sanitizer.h">
      <Filter>源文件\webrtc_code\rtc_base</Filter>
    </ClInclude>
    <ClInclude Include="webrtc_code\rtc_base\sigslot_repeater.h">
      <Filter>源文件\webrtc_code\rtc_base</Filter>
    </ClInclude>
    <ClInclude Include="webrtc_code\rtc_base\sigslot_tester.h">
      <Filter>源文件\webrtc_code\rtc_base</Filter>
    </ClInclude>
    <ClInclude Include="webrtc_code\rtc_base\string_encode.h">
      <Filter>源文件\webrtc_code\rtc_base</Filter>
    </ClInclude>
    <ClInclude Include="webrtc_code\rtc_base\string_to_number.h">
      <Filter>源文件\webrtc_code\rtc_base</Filter>
    </ClInclude>
    <ClInclude Include="webrtc_code\rtc_base\string_utils.h">
      <Filter>源文件\webrtc_code\rtc_base</Filter>
    </ClInclude>
    <ClInclude Include="webrtc_code\rtc_base\stringize_macros.h">
      <Filter>源文件\webrtc_code\rtc_base</Filter>
    </ClInclude>
    <ClInclude Include="webrtc_code\rtc_base\swap_queue.h">
      <Filter>源文件\webrtc_code\rtc_base</Filter>
    </ClInclude>
    <ClInclude Include="webrtc_code\rtc_base\template_util.h">
      <Filter>源文件\webrtc_code\rtc_base</Filter>
    </ClInclude>
    <ClInclude Include="webrtc_code\rtc_base\test_base64.h">
      <Filter>源文件\webrtc_code\rtc_base</Filter>
    </ClInclude>
    <ClInclude Include="webrtc_code\rtc_base\test_certificate_verifier.h">
      <Filter>源文件\webrtc_code\rtc_base</Filter>
    </ClInclude>
    <ClInclude Include="webrtc_code\rtc_base\thread.h">
      <Filter>源文件\webrtc_code\rtc_base</Filter>
    </ClInclude>
    <ClInclude Include="webrtc_code\rtc_base\thread_annotations.h">
      <Filter>源文件\webrtc_code\rtc_base</Filter>
    </ClInclude>
    <ClInclude Include="webrtc_code\rtc_base\thread_checker.h">
      <Filter>源文件\webrtc_code\rtc_base</Filter>
    </ClInclude>
    <ClInclude Include="webrtc_code\rtc_base\time_utils.h">
      <Filter>源文件\webrtc_code\rtc_base</Filter>
    </ClInclude>
    <ClInclude Include="webrtc_code\rtc_base\timestamp_aligner.h">
      <Filter>源文件\webrtc_code\rtc_base</Filter>
    </ClInclude>
    <ClInclude Include="webrtc_code\rtc_base\trace_event.h">
      <Filter>源文件\webrtc_code\rtc_base</Filter>
    </ClInclude>
    <ClInclude Include="webrtc_code\rtc_base\type_traits.h">
      <Filter>源文件\webrtc_code\rtc_base</Filter>
    </ClInclude>
    <ClInclude Include="webrtc_code\modules\audio_processing\aec3\adaptive_fir_filter.h">
      <Filter>源文件\webrtc_code\modules\audio_processing\aec3</Filter>
    </ClInclude>
    <ClInclude Include="webrtc_code\modules\audio_processing\aec3\aec_state.h">
      <Filter>源文件\webrtc_code\modules\audio_processing\aec3</Filter>
    </ClInclude>
    <ClInclude Include="webrtc_code\modules\audio_processing\aec3\aec3_common.h">
      <Filter>源文件\webrtc_code\modules\audio_processing\aec3</Filter>
    </ClInclude>
    <ClInclude Include="webrtc_code\modules\audio_processing\aec3\aec3_fft.h">
      <Filter>源文件\webrtc_code\modules\audio_processing\aec3</Filter>
    </ClInclude>
    <ClInclude Include="webrtc_code\modules\audio_processing\utility\block_mean_calculator.h">
      <Filter>源文件\webrtc_code\modules\audio_processing\utility</Filter>
    </ClInclude>
    <ClInclude Include="webrtc_code\modules\audio_processing\utility\delay_estimator.h">
      <Filter>源文件\webrtc_code\modules\audio_processing\utility</Filter>
    </ClInclude>
    <ClInclude Include="webrtc_code\modules\audio_processing\utility\delay_estimator_internal.h">
      <Filter>源文件\webrtc_code\modules\audio_processing\utility</Filter>
    </ClInclude>
    <ClInclude Include="webrtc_code\modules\audio_processing\utility\delay_estimator_wrapper.h">
      <Filter>源文件\webrtc_code\modules\audio_processing\utility</Filter>
    </ClInclude>
    <ClInclude Include="webrtc_code\modules\audio_processing\utility\ooura_fft.h">
      <Filter>源文件\webrtc_code\modules\audio_processing\utility</Filter>
    </ClInclude>
    <ClInclude Include="webrtc_code\modules\audio_processing\utility\ooura_fft_tables_common.h">
      <Filter>源文件\webrtc_code\modules\audio_processing\utility</Filter>
    </ClInclude>
    <ClInclude Include="webrtc_code\modules\audio_processing\utility\ooura_fft_tables_neon_sse2.h">
      <Filter>源文件\webrtc_code\modules\audio_processing\utility</Filter>
    </ClInclude>
    <ClInclude Include="webrtc_code\api\audio\audio_frame.h">
      <Filter>源文件\webrtc_code\api\audio</Filter>
    </ClInclude>
    <ClInclude Include="webrtc_code\api\audio\audio_mixer.h">
      <Filter>源文件\webrtc_code\api\audio</Filter>
    </ClInclude>
    <ClInclude Include="webrtc_code\api\audio\echo_canceller3_config_json.h">
      <Filter>源文件\webrtc_code\api\audio</Filter>
    </ClInclude>
    <ClInclude Include="webrtc_code\api\audio\echo_canceller3_factory.h">
      <Filter>源文件\webrtc_code\api\audio</Filter>
    </ClInclude>
    <ClInclude Include="webrtc_code\api\audio\echo_control.h">
      <Filter>源文件\webrtc_code\api\audio</Filter>
    </ClInclude>
    <ClInclude Include="webrtc_code\rtc_base\strings\audio_format_to_string.h">
      <Filter>源文件\webrtc_code\rtc_base\strings</Filter>
    </ClInclude>
    <ClInclude Include="webrtc_code\rtc_base\strings\json.h">
      <Filter>源文件\webrtc_code\rtc_base\strings</Filter>
    </ClInclude>
    <ClInclude Include="webrtc_code\rtc_base\strings\string_builder.h">
      <Filter>源文件\webrtc_code\rtc_base\strings</Filter>
    </ClInclude>
    <ClInclude Include="webrtc_code\common_audio\audio_converter.h">
      <Filter>源文件\webrtc_code\common_audio</Filter>
    </ClInclude>
    <ClInclude Include="webrtc_code\common_audio\channel_buffer.h">
      <Filter>源文件\webrtc_code\common_audio</Filter>
    </ClInclude>
    <ClInclude Include="webrtc_code\common_audio\resampler\push_sinc_resampler.h">
      <Filter>源文件\webrtc_code\common_audio\resampler</Filter>
    </ClInclude>
    <ClInclude Include="webrtc_code\rtc_base\memory\aligned_malloc.h">
      <Filter>源文件\webrtc_code\rtc_base\memory</Filter>
    </ClInclude>
    <ClInclude Include="webrtc_code\common_audio\resampler\sinusoidal_linear_chirp_source.h">
      <Filter>源文件\webrtc_code\common_audio\resampler</Filter>
    </ClInclude>
    <ClInclude Include="webrtc_code\system_wrappers\include\metrics.h">
      <Filter>源文件\webrtc_code\system_warp</Filter>
    </ClInclude>
    <ClInclude Include="webrtc_code\system_wrappers\include\field_trial.h">
      <Filter>源文件\webrtc_code\system_warp</Filter>
    </ClInclude>
    <ClInclude Include="webrtc_code\system_wrappers\include\cpu_features_wrapper.h">
      <Filter>源文件\webrtc_code\system_warp</Filter>
    </ClInclude>
    <ClInclude Include="webrtc_code\rtc_base\zero_memory.h">
      <Filter>源文件\webrtc_code\rtc_base</Filter>
    </ClInclude>
    <ClInclude Include="webrtc_code\modules\audio_device\win\audio_device_core_win.h">
      <Filter>源文件\webrtc_code\modules\audio_device\win</Filter>
    </ClInclude>
    <ClInclude Include="webrtc_code\modules\audio_device\audio_device_buffer.h">
      <Filter>源文件\webrtc_code\modules\audio_device</Filter>
    </ClInclude>
    <ClInclude Include="webrtc_code\rtc_base\task_queue.h">
      <Filter>源文件\webrtc_code\rtc_base</Filter>
    </ClInclude>
    <ClInclude Include="webrtc_code\rtc_base\synchronization\sequence_checker.h">
      <Filter>源文件\webrtc_code\rtc_base\synchronization</Filter>
    </ClInclude>
    <ClInclude Include="webrtc_code\modules\audio_device\audio_device_generic.h">
      <Filter>源文件\webrtc_code\modules\audio_device</Filter>
    </ClInclude>
    <ClInclude Include="webrtc_code\audio\audio_transport_impl.h">
      <Filter>源文件\webrtc_code\audio</Filter>
    </ClInclude>
    <ClInclude Include="webrtc_code\audio\audio_level.h">
      <Filter>源文件\webrtc_code\audio</Filter>
    </ClInclude>
    <ClInclude Include="webrtc_code\audio\remix_resample.h">
      <Filter>源文件\webrtc_code\audio</Filter>
    </ClInclude>
    <ClInclude Include="webrtc_code\audio\utility\audio_frame_operations.h">
      <Filter>源文件\webrtc_code\audio\unity</Filter>
    </ClInclude>
    <ClInclude Include="_3ASample.h">
      <Filter>头文件</Filter>
    </ClInclude>
    <ClInclude Include="webrtc_code\rtc_base\task_queue_win.h">
      <Filter>源文件\webrtc_code\rtc_base</Filter>
    </ClInclude>
    <ClInclude Include="webrtc_code\rtc_base\event.h">
      <Filter>源文件\webrtc_code\rtc_base</Filter>
    </ClInclude>
    <ClInclude Include="webrtc_code\rtc_base\synchronization\yield_policy.h">
      <Filter>源文件\webrtc_code\rtc_base\synchronization</Filter>
    </ClInclude>
    <ClInclude Include="webrtc_code\modules\audio_device\audio_device_impl.h">
      <Filter>源文件\webrtc_code\modules\audio_device</Filter>
    </ClInclude>
    <ClInclude Include="webrtc_code\modules\audio_device\dummy\audio_device_dummy.h">
      <Filter>源文件\webrtc_code\modules\audio_device\dummy</Filter>
    </ClInclude>
    <ClInclude Include="webrtc_code\modules\audio_device\dummy\file_audio_device.h">
      <Filter>源文件\webrtc_code\modules\audio_device\dummy</Filter>
    </ClInclude>
    <ClInclude Include="webrtc_code\modules\audio_device\dummy\file_audio_device_factory.h">
      <Filter>源文件\webrtc_code\modules\audio_device\dummy</Filter>
    </ClInclude>
    <ClInclude Include="webrtc_code\rtc_base\system\file_wrapper.h">
      <Filter>源文件\webrtc_code\rtc_base\system</Filter>
    </ClInclude>
    <ClInclude Include="webrtc_code\modules\audio_mixer\audio_mixer_impl.h">
      <Filter>源文件\webrtc_code\modules\audio_mixer</Filter>
    </ClInclude>
    <ClInclude Include="webrtc_code\modules\audio_mixer\frame_combiner.h">
      <Filter>源文件\webrtc_code\modules\audio_mixer</Filter>
    </ClInclude>
    <ClInclude Include="webrtc_code\modules\audio_mixer\audio_frame_manipulator.h">
      <Filter>源文件\webrtc_code\modules\audio_mixer</Filter>
    </ClInclude>
    <ClInclude Include="webrtc_code\modules\audio_mixer\default_output_rate_calculator.h">
      <Filter>源文件\webrtc_code\modules\audio_mixer</Filter>
    </ClInclude>
    <ClInclude Include="webrtc_code\modules\audio_processing\agc2\limiter.h">
      <Filter>源文件\webrtc_code\modules\agc2</Filter>
    </ClInclude>
    <ClInclude Include="webrtc_code\modules\audio_processing\agc2\fixed_digital_level_estimator.h">
      <Filter>源文件\webrtc_code\modules\agc2</Filter>
    </ClInclude>
    <ClInclude Include="webrtc_code\modules\audio_processing\agc2\interpolated_gain_curve.h">
      <Filter>源文件\webrtc_code\modules\agc2</Filter>
    </ClInclude>
    <ClInclude Include="webrtc_code\modules\audio_processing\audio_processing_impl.h">
      <Filter>源文件\webrtc_code\modules\audio_processing</Filter>
    </ClInclude>
    <ClInclude Include="webrtc_code\modules\audio_processing\vad\standalone_vad.h">
      <Filter>源文件\webrtc_code\common_audio\vad</Filter>
    </ClInclude>
    <ClInclude Include="webrtc_code\modules\audio_processing\include\config.h">
      <Filter>源文件\webrtc_code\modules\audio_processing\include</Filter>
    </ClInclude>
    <ClInclude Include="webrtc_code\modules\audio_processing\include\audio_processing_statistics.h">
      <Filter>源文件\webrtc_code\modules\audio_processing\include</Filter>
    </ClInclude>
    <ClInclude Include="webrtc_code\modules\audio_processing\include\audio_processing.h">
      <Filter>源文件\webrtc_code\modules\audio_processing\include</Filter>
    </ClInclude>
    <ClInclude Include="webrtc_code\modules\audio_processing\residual_echo_detector.h">
      <Filter>源文件\webrtc_code\modules\audio_processing</Filter>
    </ClInclude>
    <ClInclude Include="webrtc_code\modules\audio_processing\include\aec_dump.h">
      <Filter>源文件\webrtc_code\modules\audio_processing\include</Filter>
    </ClInclude>
    <ClInclude Include="webrtc_code\modules\audio_processing\rms_level.h">
      <Filter>源文件\webrtc_code\modules\audio_processing</Filter>
    </ClInclude>
    <ClInclude Include="webrtc_code\modules\audio_processing\agc\agc_manager_direct.h">
      <Filter>源文件\webrtc_code\modules\audio_processing\agc</Filter>
    </ClInclude>
    <ClInclude Include="webrtc_code\modules\audio_processing\agc\agc.h">
      <Filter>源文件\webrtc_code\modules\audio_processing\agc</Filter>
    </ClInclude>
    <ClInclude Include="webrtc_code\modules\audio_processing\vad\voice_activity_detector.h">
      <Filter>源文件\webrtc_code\modules\audio_processing\vad</Filter>
    </ClInclude>
    <ClInclude Include="webrtc_code\modules\audio_processing\agc\loudness_histogram.h">
      <Filter>源文件\webrtc_code\modules\audio_processing\agc</Filter>
    </ClInclude>
    <ClInclude Include="webrtc_code\modules\audio_processing\agc\utility.h">
      <Filter>源文件\webrtc_code\modules\audio_processing\agc</Filter>
    </ClInclude>
    <ClInclude Include="webrtc_code\modules\audio_processing\agc2\adaptive_mode_level_estimator_agc.h">
      <Filter>源文件\webrtc_code\modules\audio_processing\agc2</Filter>
    </ClInclude>
    <ClInclude Include="webrtc_code\modules\audio_processing\agc2\vad_with_level.h">
      <Filter>源文件\webrtc_code\modules\audio_processing\agc2</Filter>
    </ClInclude>
    <ClInclude Include="webrtc_code\modules\audio_processing\agc2\rnn_vad\features_extraction.h">
      <Filter>源文件\webrtc_code\modules\audio_processing\agc2\rnn_vad</Filter>
    </ClInclude>
    <ClInclude Include="webrtc_code\modules\audio_processing\agc2\adaptive_mode_level_estimator.h">
      <Filter>源文件\webrtc_code\modules\audio_processing\agc2</Filter>
    </ClInclude>
    <ClInclude Include="webrtc_code\modules\audio_processing\agc2\saturation_protector.h">
      <Filter>源文件\webrtc_code\modules\audio_processing\agc2</Filter>
    </ClInclude>
    <ClInclude Include="webrtc_code\modules\audio_processing\agc2\agc2_common.h">
      <Filter>源文件\webrtc_code\modules\audio_processing\agc2</Filter>
    </ClInclude>
    <ClInclude Include="webrtc_code\modules\audio_processing\agc2\rnn_vad\rnn.h">
      <Filter>源文件\webrtc_code\modules\audio_processing\agc2\rnn_vad</Filter>
    </ClInclude>
    <ClInclude Include="webrtc_code\third_party\rnnoise\src\rnn_activations.h">
      <Filter>源文件\webrtc_code\third_party\rnnoise</Filter>
    </ClInclude>
    <ClInclude Include="webrtc_code\third_party\rnnoise\src\rnn_vad_weights.h">
      <Filter>源文件\webrtc_code\third_party\rnnoise</Filter>
    </ClInclude>
    <ClInclude Include="webrtc_code\modules\audio_processing\agc2\biquad_filter.h">
      <Filter>源文件\webrtc_code\modules\audio_processing\agc2</Filter>
    </ClInclude>
    <ClInclude Include="webrtc_code\modules\audio_processing\agc2\rnn_vad\pitch_search.h">
      <Filter>源文件\webrtc_code\modules\audio_processing\agc2\rnn_vad</Filter>
    </ClInclude>
    <ClInclude Include="webrtc_code\modules\audio_processing\agc2\rnn_vad\spectral_features.h">
      <Filter>源文件\webrtc_code\modules\audio_processing\agc2\rnn_vad</Filter>
    </ClInclude>
    <ClInclude Include="webrtc_code\modules\audio_processing\agc2\rnn_vad\lp_residual.h">
      <Filter>源文件\webrtc_code\modules\audio_processing\agc2</Filter>
    </ClInclude>
    <ClInclude Include="webrtc_code\modules\audio_processing\agc2\rnn_vad\auto_correlation.h">
      <Filter>源文件\webrtc_code\modules\audio_processing\agc2\rnn_vad</Filter>
    </ClInclude>
    <ClInclude Include="webrtc_code\modules\audio_processing\agc2\rnn_vad\common.h">
      <Filter>源文件\webrtc_code\modules\audio_processing\agc2\rnn_vad</Filter>
    </ClInclude>
    <ClInclude Include="webrtc_code\modules\audio_processing\agc2\rnn_vad\pitch_info.h">
      <Filter>源文件\webrtc_code\modules\audio_processing\agc2\rnn_vad</Filter>
    </ClInclude>
    <ClInclude Include="webrtc_code\modules\audio_processing\agc2\rnn_vad\pitch_search_internal.h">
      <Filter>源文件\webrtc_code\modules\audio_processing\agc2\rnn_vad</Filter>
    </ClInclude>
    <ClInclude Include="webrtc_code\modules\audio_processing\agc2\rnn_vad\ring_buffer.h">
      <Filter>源文件\webrtc_code\modules\audio_processing\agc2\rnn_vad</Filter>
    </ClInclude>
    <ClInclude Include="webrtc_code\modules\audio_processing\agc2\rnn_vad\sequence_buffer.h">
      <Filter>源文件\webrtc_code\modules\audio_processing\agc2\rnn_vad</Filter>
    </ClInclude>
    <ClInclude Include="webrtc_code\modules\audio_processing\agc2\rnn_vad\spectral_features_internal.h">
      <Filter>源文件\webrtc_code\modules\audio_processing\agc2\rnn_vad</Filter>
    </ClInclude>
    <ClInclude Include="webrtc_code\modules\audio_processing\agc2\rnn_vad\symmetric_matrix_buffer.h">
      <Filter>源文件\webrtc_code\modules\audio_processing\agc2\rnn_vad</Filter>
    </ClInclude>
    <ClInclude Include="webrtc_code\modules\audio_processing\utility\pffft_wrapper.h">
      <Filter>源文件\webrtc_code\modules\audio_processing\utility</Filter>
    </ClInclude>
    <ClInclude Include="webrtc_code\common_audio\wav_file.h">
      <Filter>源文件\webrtc_code\common_audio</Filter>
    </ClInclude>
    <ClInclude Include="webrtc_code\common_audio\wav_header.h">
      <Filter>源文件\webrtc_code\common_audio</Filter>
    </ClInclude>
    <ClInclude Include="webrtc_code\modules\audio_processing\agc2\gain_applier.h">
      <Filter>源文件\webrtc_code\modules\audio_processing\agc2</Filter>
    </ClInclude>
    <ClInclude Include="webrtc_code\modules\audio_processing\echo_cancellation_impl.h">
      <Filter>源文件\webrtc_code\modules\audio_processing</Filter>
    </ClInclude>
    <ClInclude Include="webrtc_code\modules\audio_processing\echo_control_mobile_impl.h">
      <Filter>源文件\webrtc_code\modules\audio_processing</Filter>
    </ClInclude>
    <ClInclude Include="webrtc_code\modules\audio_processing\gain_control_config_proxy.h">
      <Filter>源文件\webrtc_code\modules\audio_processing</Filter>
    </ClInclude>
    <ClInclude Include="webrtc_code\modules\audio_processing\gain_control_for_experimental_agc.h">
      <Filter>源文件\webrtc_code\modules\audio_processing</Filter>
    </ClInclude>
    <ClInclude Include="webrtc_code\modules\audio_processing\gain_control_impl.h">
      <Filter>源文件\webrtc_code\modules\audio_processing</Filter>
    </ClInclude>
    <ClInclude Include="webrtc_code\modules\audio_processing\gain_controller2.h">
      <Filter>源文件\webrtc_code\modules\audio_processing</Filter>
    </ClInclude>
    <ClInclude Include="webrtc_code\modules\audio_processing\level_estimator_impl.h">
      <Filter>源文件\webrtc_code\modules\audio_processing</Filter>
    </ClInclude>
    <ClInclude Include="webrtc_code\modules\audio_processing\low_cut_filter.h">
      <Filter>源文件\webrtc_code\modules\audio_processing</Filter>
    </ClInclude>
    <ClInclude Include="webrtc_code\modules\audio_processing\noise_suppression_impl.h">
      <Filter>源文件\webrtc_code\modules\audio_processing</Filter>
    </ClInclude>
    <ClInclude Include="webrtc_code\modules\audio_processing\noise_suppression_proxy.h">
      <Filter>源文件\webrtc_code\modules\audio_processing</Filter>
    </ClInclude>
    <ClInclude Include="webrtc_code\modules\audio_processing\transient\transient_suppressor.h">
      <Filter>源文件\webrtc_code\modules\audio_processing\transient</Filter>
    </ClInclude>
    <ClInclude Include="webrtc_code\modules\audio_processing\voice_detection_impl.h">
      <Filter>源文件\webrtc_code\modules\audio_processing</Filter>
    </ClInclude>
    <ClInclude Include="webrtc_code\modules\audio_processing\aec\aec_core.h">
      <Filter>源文件\webrtc_code\modules\aec</Filter>
    </ClInclude>
    <ClInclude Include="webrtc_code\common_audio\ring_buffer.h">
      <Filter>源文件\webrtc_code\common_audio</Filter>
    </ClInclude>
    <ClInclude Include="webrtc_code\modules\audio_processing\aec\echo_cancellation.h">
      <Filter>源文件\webrtc_code\modules\aec</Filter>
    </ClInclude>
    <ClInclude Include="webrtc_code\modules\audio_processing\aec\aec_resampler.h">
      <Filter>源文件\webrtc_code\modules\aec</Filter>
    </ClInclude>
    <ClInclude Include="webrtc_code\modules\audio_processing\aecm\echo_control_mobile.h">
      <Filter>源文件\webrtc_code\modules\audio_processing\aecm</Filter>
    </ClInclude>
    <ClInclude Include="webrtc_code\modules\audio_processing\aecm\aecm_core.h">
      <Filter>源文件\webrtc_code\modules\audio_processing\aecm</Filter>
    </ClInclude>
    <ClInclude Include="webrtc_code\common_audio\signal_processing\include\spl_inl.h">
      <Filter>源文件\webrtc_code\common_audio\signal_processing\include</Filter>
    </ClInclude>
    <ClInclude Include="webrtc_code\common_audio\third_party\spl_sqrt_floor\spl_sqrt_floor.h">
      <Filter>源文件\webrtc_code\common_audio\third_party\spl_sqrt_floor</Filter>
    </ClInclude>
    <ClInclude Include="webrtc_code\modules\audio_processing\agc2\adaptive_agc.h">
      <Filter>源文件\webrtc_code\modules\audio_processing\agc2</Filter>
    </ClInclude>
    <ClInclude Include="webrtc_code\modules\audio_processing\agc2\down_sampler.h">
      <Filter>源文件\webrtc_code\modules\audio_processing\agc2</Filter>
    </ClInclude>
    <ClInclude Include="webrtc_code\modules\audio_processing\agc2\noise_level_estimator.h">
      <Filter>源文件\webrtc_code\modules\audio_processing\agc2</Filter>
    </ClInclude>
    <ClInclude Include="webrtc_code\modules\audio_processing\agc2\noise_spectrum_estimator.h">
      <Filter>源文件\webrtc_code\modules\audio_processing\agc2</Filter>
    </ClInclude>
    <ClInclude Include="webrtc_code\modules\audio_processing\agc2\adaptive_digital_gain_applier.h">
      <Filter>源文件\webrtc_code\modules\audio_processing\agc2</Filter>
    </ClInclude>
    <ClInclude Include="webrtc_code\modules\audio_processing\agc\legacy\analog_agc.h">
      <Filter>源文件\webrtc_code\modules\audio_processing\agc\legacy</Filter>
    </ClInclude>
    <ClInclude Include="webrtc_code\modules\audio_processing\agc\legacy\digital_agc.h">
      <Filter>源文件\webrtc_code\modules\audio_processing\agc\legacy</Filter>
    </ClInclude>
    <ClInclude Include="webrtc_code\modules\audio_processing\agc\legacy\gain_control.h">
      <Filter>源文件\webrtc_code\modules\audio_processing\agc\legacy</Filter>
    </ClInclude>
    <ClInclude Include="webrtc_code\modules\audio_processing\agc2\signal_classifier.h">
      <Filter>源文件\webrtc_code\modules\audio_processing\agc2</Filter>
    </ClInclude>
    <ClInclude Include="webrtc_code\common_audio\signal_processing\dot_product_with_scale.h">
      <Filter>源文件\webrtc_code\common_audio\signal_processing</Filter>
    </ClInclude>
    <ClInclude Include="webrtc_code\common_audio\signal_processing\resample_by_2_internal.h">
      <Filter>源文件\webrtc_code\common_audio\signal_processing</Filter>
    </ClInclude>
    <ClInclude Include="webrtc_code\modules\audio_processing\ns\defines.h">
      <Filter>源文件\webrtc_code\modules\audio_processing\ns</Filter>
    </ClInclude>
    <ClInclude Include="webrtc_code\modules\audio_processing\ns\noise_suppression.h">
      <Filter>源文件\webrtc_code\modules\audio_processing\ns</Filter>
    </ClInclude>
    <ClInclude Include="webrtc_code\modules\audio_processing\ns\ns_core.h">
      <Filter>源文件\webrtc_code\modules\audio_processing\ns</Filter>
    </ClInclude>
    <ClInclude Include="webrtc_code\modules\audio_processing\ns\windows_private.h">
      <Filter>源文件\webrtc_code\modules\audio_processing\ns</Filter>
    </ClInclude>
    <ClInclude Include="webrtc_code\modules\audio_processing\echo_detector\circular_buffer.h">
      <Filter>源文件\webrtc_code\modules\audio_processing\echo_detector</Filter>
    </ClInclude>
    <ClInclude Include="webrtc_code\modules\audio_processing\echo_detector\mean_variance_estimator.h">
      <Filter>源文件\webrtc_code\modules\audio_processing\echo_detector</Filter>
    </ClInclude>
    <ClInclude Include="webrtc_code\modules\audio_processing\echo_detector\moving_max.h">
      <Filter>源文件\webrtc_code\modules\audio_processing\echo_detector</Filter>
    </ClInclude>
    <ClInclude Include="webrtc_code\modules\audio_processing\echo_detector\normalized_covariance_estimator.h">
      <Filter>源文件\webrtc_code\modules\audio_processing\echo_detector</Filter>
    </ClInclude>
    <ClInclude Include="webrtc_code\common_audio\vad\vad_core.h">
      <Filter>源文件\webrtc_code\common_audio\vad</Filter>
    </ClInclude>
    <ClInclude Include="webrtc_code\common_audio\vad\vad_filterbank.h">
      <Filter>源文件\webrtc_code\common_audio\vad</Filter>
    </ClInclude>
    <ClInclude Include="webrtc_code\common_audio\vad\vad_gmm.h">
      <Filter>源文件\webrtc_code\common_audio\vad</Filter>
    </ClInclude>
    <ClInclude Include="webrtc_code\common_audio\vad\vad_sp.h">
      <Filter>源文件\webrtc_code\common_audio\vad</Filter>
    </ClInclude>
    <ClInclude Include="webrtc_code\modules\audio_processing\transient\moving_moments.h">
      <Filter>源文件\webrtc_code\modules\audio_processing\transient</Filter>
    </ClInclude>
    <ClInclude Include="webrtc_code\modules\audio_processing\transient\transient_detector.h">
      <Filter>源文件\webrtc_code\modules\audio_processing\transient</Filter>
    </ClInclude>
    <ClInclude Include="webrtc_code\modules\audio_processing\transient\wpd_node.h">
      <Filter>源文件\webrtc_code\modules\audio_processing\transient</Filter>
    </ClInclude>
    <ClInclude Include="webrtc_code\modules\audio_processing\transient\wpd_tree.h">
      <Filter>源文件\webrtc_code\modules\audio_processing\transient</Filter>
    </ClInclude>
    <ClInclude Include="webrtc_code\common_audio\third_party\fft4g\fft4g.h">
      <Filter>源文件\webrtc_code\common_audio\third_party\fft4g</Filter>
    </ClInclude>
    <ClInclude Include="webrtc_code\third_party\pffft\src\fftpack.h">
      <Filter>源文件\webrtc_code\third_party\pffft</Filter>
    </ClInclude>
    <ClInclude Include="webrtc_code\third_party\pffft\src\pffft.h">
      <Filter>源文件\webrtc_code\third_party\pffft</Filter>
    </ClInclude>
    <ClInclude Include="webrtc_code\modules\audio_processing\vad\gmm.h">
      <Filter>源文件\webrtc_code\modules\audio_processing\vad</Filter>
    </ClInclude>
    <ClInclude Include="webrtc_code\modules\audio_processing\vad\pitch_based_vad.h">
      <Filter>源文件\webrtc_code\modules\audio_processing\vad</Filter>
    </ClInclude>
    <ClInclude Include="webrtc_code\modules\audio_processing\vad\pole_zero_filter.h">
      <Filter>源文件\webrtc_code\modules\audio_processing\vad</Filter>
    </ClInclude>
    <ClInclude Include="webrtc_code\modules\audio_processing\vad\vad_audio_proc.h">
      <Filter>源文件\webrtc_code\modules\audio_processing\vad</Filter>
    </ClInclude>
    <ClInclude Include="webrtc_code\modules\audio_processing\vad\vad_circular_buffer.h">
      <Filter>源文件\webrtc_code\modules\audio_processing\vad</Filter>
    </ClInclude>
    <ClInclude Include="webrtc_code\common_audio\fir_filter_c.h">
      <Filter>源文件\webrtc_code\common_audio</Filter>
    </ClInclude>
    <ClInclude Include="webrtc_code\common_audio\fir_filter_factory.h">
      <Filter>源文件\webrtc_code\common_audio</Filter>
    </ClInclude>
    <ClInclude Include="webrtc_code\common_audio\fir_filter_sse.h">
      <Filter>源文件\webrtc_code\common_audio</Filter>
    </ClInclude>
    <ClInclude Include="webrtc_code\modules\audio_coding\codecs\isac\main\source\filter_functions.h">
      <Filter>源文件\webrtc_code\modules\audio_coding\main</Filter>
    </ClInclude>
    <ClInclude Include="webrtc_code\modules\audio_coding\codecs\isac\main\source\isac_vad.h">
      <Filter>源文件\webrtc_code\modules\audio_coding\main</Filter>
    </ClInclude>
    <ClInclude Include="webrtc_code\modules\audio_coding\codecs\isac\main\source\pitch_estimator.h">
      <Filter>源文件\webrtc_code\modules\audio_coding\main</Filter>
    </ClInclude>
    <ClInclude Include="webrtc_code\modules\audio_coding\codecs\isac\main\source\pitch_filter.h">
      <Filter>源文件\webrtc_code\modules\audio_coding\main</Filter>
    </ClInclude>
    <ClInclude Include="AudioMixHeper.h">
      <Filter>头文件</Filter>
    </ClInclude>
    <ClInclude Include="AudioDataCallBack.h">
      <Filter>头文件</Filter>
    </ClInclude>
    <ClInclude Include="Utils.h">
      <Filter>头文件</Filter>
    </ClInclude>
  </ItemGroup>
  <ItemGroup>
    <None Include="webrtc_code\rtc_base\sigslottester.h.pump">
      <Filter>源文件\webrtc_code\rtc_base</Filter>
    </None>
  </ItemGroup>
</Project>